// !$*UTF8*$!
{
	archiveVersion = 1;
	classes = {
	};
	objectVersion = 46;
	objects = {

/* Begin PBXBuildFile section */
		410124A818C459E600C6D87C /* SCCaptureSessionManager.m in Sources */ = {isa = PBXBuildFile; fileRef = 410124A218C459E600C6D87C /* SCCaptureSessionManager.m */; };
		410124A918C459E600C6D87C /* SCCommon.m in Sources */ = {isa = PBXBuildFile; fileRef = 410124A418C459E600C6D87C /* SCCommon.m */; };
		410124AA18C459E600C6D87C /* UIImage+Resize.m in Sources */ = {isa = PBXBuildFile; fileRef = 410124A718C459E600C6D87C /* UIImage+Resize.m */; };
		410124AE18C45AEC00C6D87C /* CaptureViewController.m in Sources */ = {isa = PBXBuildFile; fileRef = 410124AC18C45AEC00C6D87C /* CaptureViewController.m */; };
		410124AF18C45AEC00C6D87C /* CaptureViewController.xib in Resources */ = {isa = PBXBuildFile; fileRef = 410124AD18C45AEC00C6D87C /* CaptureViewController.xib */; };
		412FBD4018BD7F3B009EF882 /* CouponListViewController.m in Sources */ = {isa = PBXBuildFile; fileRef = 412FBD3E18BD7F3B009EF882 /* CouponListViewController.m */; };
		412FBD4118BD7F3B009EF882 /* CouponListViewController.xib in Resources */ = {isa = PBXBuildFile; fileRef = 412FBD3F18BD7F3B009EF882 /* CouponListViewController.xib */; };
		412FBD4418BDCC21009EF882 /* RestaurantItem.m in Sources */ = {isa = PBXBuildFile; fileRef = 412FBD4318BDCC21009EF882 /* RestaurantItem.m */; };
		412FBD4718BDEA14009EF882 /* WebAPI.m in Sources */ = {isa = PBXBuildFile; fileRef = 412FBD4618BDEA14009EF882 /* WebAPI.m */; };
		412FBD4918BDEB64009EF882 /* CoreLocation.framework in Frameworks */ = {isa = PBXBuildFile; fileRef = 412FBD4818BDEB64009EF882 /* CoreLocation.framework */; };
		41959E8A18C5C20A009241FF /* ContactViewController.m in Sources */ = {isa = PBXBuildFile; fileRef = 41959E8818C5C20A009241FF /* ContactViewController.m */; };
		41959E8B18C5C20A009241FF /* ContactViewController.xib in Resources */ = {isa = PBXBuildFile; fileRef = 41959E8918C5C20A009241FF /* ContactViewController.xib */; };
		41959E8D18C5CF28009241FF /* AddressBook.framework in Frameworks */ = {isa = PBXBuildFile; fileRef = 41959E8C18C5CF28009241FF /* AddressBook.framework */; };
		41959E9918C5D18C009241FF /* ABContact.m in Sources */ = {isa = PBXBuildFile; fileRef = 41959E9118C5D18C009241FF /* ABContact.m */; };
		41959E9A18C5D18C009241FF /* ABContactsHelper.m in Sources */ = {isa = PBXBuildFile; fileRef = 41959E9318C5D18C009241FF /* ABContactsHelper.m */; };
		41959E9B18C5D18C009241FF /* ABGroup.m in Sources */ = {isa = PBXBuildFile; fileRef = 41959E9518C5D18C009241FF /* ABGroup.m */; };
		41959E9C18C5D18C009241FF /* ABStandin.m in Sources */ = {isa = PBXBuildFile; fileRef = 41959E9718C5D18C009241FF /* ABStandin.m */; };
		41959E9F18C5D48E009241FF /* UIFunction.m in Sources */ = {isa = PBXBuildFile; fileRef = 41959E9E18C5D48E009241FF /* UIFunction.m */; };
		41959EA218C5D62B009241FF /* TIContact.m in Sources */ = {isa = PBXBuildFile; fileRef = 41959EA118C5D62B009241FF /* TIContact.m */; };
		41AA8C6018BC3C830081EA29 /* FitViewController.m in Sources */ = {isa = PBXBuildFile; fileRef = 41AA8C5F18BC3C830081EA29 /* FitViewController.m */; };
		41B4545818B461C70054E406 /* Foundation.framework in Frameworks */ = {isa = PBXBuildFile; fileRef = 41B4545718B461C70054E406 /* Foundation.framework */; };
		41B4545A18B461C70054E406 /* CoreGraphics.framework in Frameworks */ = {isa = PBXBuildFile; fileRef = 41B4545918B461C70054E406 /* CoreGraphics.framework */; };
		41B4545C18B461C70054E406 /* UIKit.framework in Frameworks */ = {isa = PBXBuildFile; fileRef = 41B4545B18B461C70054E406 /* UIKit.framework */; };
		41B4546218B461C70054E406 /* InfoPlist.strings in Resources */ = {isa = PBXBuildFile; fileRef = 41B4546018B461C70054E406 /* InfoPlist.strings */; };
		41B4546418B461C70054E406 /* main.m in Sources */ = {isa = PBXBuildFile; fileRef = 41B4546318B461C70054E406 /* main.m */; };
		41B4546818B461C70054E406 /* AppDelegate.m in Sources */ = {isa = PBXBuildFile; fileRef = 41B4546718B461C70054E406 /* AppDelegate.m */; };
		41B4547018B461C70054E406 /* Images.xcassets in Resources */ = {isa = PBXBuildFile; fileRef = 41B4546F18B461C70054E406 /* Images.xcassets */; };
		41B4547718B461C70054E406 /* XCTest.framework in Frameworks */ = {isa = PBXBuildFile; fileRef = 41B4547618B461C70054E406 /* XCTest.framework */; };
		41B4547818B461C70054E406 /* Foundation.framework in Frameworks */ = {isa = PBXBuildFile; fileRef = 41B4545718B461C70054E406 /* Foundation.framework */; };
		41B4547918B461C70054E406 /* UIKit.framework in Frameworks */ = {isa = PBXBuildFile; fileRef = 41B4545B18B461C70054E406 /* UIKit.framework */; };
		41B4548118B461C70054E406 /* InfoPlist.strings in Resources */ = {isa = PBXBuildFile; fileRef = 41B4547F18B461C70054E406 /* InfoPlist.strings */; };
		41B4548318B461C70054E406 /* TryitTests.m in Sources */ = {isa = PBXBuildFile; fileRef = 41B4548218B461C70054E406 /* TryitTests.m */; };
		41C2BC7D18BB7E9200686CE8 /* DishesCell.m in Sources */ = {isa = PBXBuildFile; fileRef = 41C2BC7C18BB7E9200686CE8 /* DishesCell.m */; };
		41C2BC7F18BB7EE700686CE8 /* DishesCell.xib in Resources */ = {isa = PBXBuildFile; fileRef = 41C2BC7E18BB7EE700686CE8 /* DishesCell.xib */; };
		41C46B2518BAE011006E2B80 /* MenuViewController.m in Sources */ = {isa = PBXBuildFile; fileRef = 41C46B2318BAE011006E2B80 /* MenuViewController.m */; };
		41C46B2618BAE011006E2B80 /* MenuViewController.xib in Resources */ = {isa = PBXBuildFile; fileRef = 41C46B2418BAE011006E2B80 /* MenuViewController.xib */; };
		41C46B2B18BAE485006E2B80 /* DishesViewController.m in Sources */ = {isa = PBXBuildFile; fileRef = 41C46B2918BAE485006E2B80 /* DishesViewController.m */; };
		41C46B2C18BAE485006E2B80 /* DishesViewController.xib in Resources */ = {isa = PBXBuildFile; fileRef = 41C46B2A18BAE485006E2B80 /* DishesViewController.xib */; };
		41FB010D18BAF2C100E852B5 /* CouponViewController.m in Sources */ = {isa = PBXBuildFile; fileRef = 41FB010B18BAF2C100E852B5 /* CouponViewController.m */; };
		41FB010E18BAF2C100E852B5 /* CouponViewController.xib in Resources */ = {isa = PBXBuildFile; fileRef = 41FB010C18BAF2C100E852B5 /* CouponViewController.xib */; };
		41FB011118BAF65D00E852B5 /* MenuItem.m in Sources */ = {isa = PBXBuildFile; fileRef = 41FB011018BAF65D00E852B5 /* MenuItem.m */; };
		41FB011A18BAF90B00E852B5 /* Localizable.strings in Resources */ = {isa = PBXBuildFile; fileRef = 41FB011C18BAF90B00E852B5 /* Localizable.strings */; };
		41FB011F18BB322500E852B5 /* CenterViewController.m in Sources */ = {isa = PBXBuildFile; fileRef = 41FB011E18BB322500E852B5 /* CenterViewController.m */; };
		41FB012318BB323700E852B5 /* ProfileViewController.m in Sources */ = {isa = PBXBuildFile; fileRef = 41FB012118BB323700E852B5 /* ProfileViewController.m */; };
		41FB012418BB323700E852B5 /* ProfileViewController.xib in Resources */ = {isa = PBXBuildFile; fileRef = 41FB012218BB323700E852B5 /* ProfileViewController.xib */; };
		41FB012818BB52F500E852B5 /* DishItem.m in Sources */ = {isa = PBXBuildFile; fileRef = 41FB012718BB52F500E852B5 /* DishItem.m */; };
		FA770C91FC564E06B19B5368 /* libPods.a in Frameworks */ = {isa = PBXBuildFile; fileRef = D7ADC66DCC014BB3BC4D9158 /* libPods.a */; };
/* End PBXBuildFile section */

/* Begin PBXContainerItemProxy section */
		41B4547A18B461C70054E406 /* PBXContainerItemProxy */ = {
			isa = PBXContainerItemProxy;
			containerPortal = 41B4544C18B461C70054E406 /* Project object */;
			proxyType = 1;
			remoteGlobalIDString = 41B4545318B461C70054E406;
			remoteInfo = Tryit;
		};
/* End PBXContainerItemProxy section */

/* Begin PBXFileReference section */
		410124A118C459E600C6D87C /* SCCaptureSessionManager.h */ = {isa = PBXFileReference; fileEncoding = 4; lastKnownFileType = sourcecode.c.h; path = SCCaptureSessionManager.h; sourceTree = "<group>"; };
		410124A218C459E600C6D87C /* SCCaptureSessionManager.m */ = {isa = PBXFileReference; fileEncoding = 4; lastKnownFileType = sourcecode.c.objc; path = SCCaptureSessionManager.m; sourceTree = "<group>"; };
		410124A318C459E600C6D87C /* SCCommon.h */ = {isa = PBXFileReference; fileEncoding = 4; lastKnownFileType = sourcecode.c.h; path = SCCommon.h; sourceTree = "<group>"; };
		410124A418C459E600C6D87C /* SCCommon.m */ = {isa = PBXFileReference; fileEncoding = 4; lastKnownFileType = sourcecode.c.objc; path = SCCommon.m; sourceTree = "<group>"; };
		410124A518C459E600C6D87C /* SCDefines.h */ = {isa = PBXFileReference; fileEncoding = 4; lastKnownFileType = sourcecode.c.h; path = SCDefines.h; sourceTree = "<group>"; };
		410124A618C459E600C6D87C /* UIImage+Resize.h */ = {isa = PBXFileReference; fileEncoding = 4; lastKnownFileType = sourcecode.c.h; path = "UIImage+Resize.h"; sourceTree = "<group>"; };
		410124A718C459E600C6D87C /* UIImage+Resize.m */ = {isa = PBXFileReference; fileEncoding = 4; lastKnownFileType = sourcecode.c.objc; path = "UIImage+Resize.m"; sourceTree = "<group>"; };
		410124AB18C45AEC00C6D87C /* CaptureViewController.h */ = {isa = PBXFileReference; fileEncoding = 4; lastKnownFileType = sourcecode.c.h; name = CaptureViewController.h; path = UI/CaptureViewController.h; sourceTree = "<group>"; };
		410124AC18C45AEC00C6D87C /* CaptureViewController.m */ = {isa = PBXFileReference; fileEncoding = 4; lastKnownFileType = sourcecode.c.objc; name = CaptureViewController.m; path = UI/CaptureViewController.m; sourceTree = "<group>"; };
		410124AD18C45AEC00C6D87C /* CaptureViewController.xib */ = {isa = PBXFileReference; fileEncoding = 4; lastKnownFileType = file.xib; name = CaptureViewController.xib; path = UI/CaptureViewController.xib; sourceTree = "<group>"; };
		412FBD3D18BD7F3B009EF882 /* CouponListViewController.h */ = {isa = PBXFileReference; fileEncoding = 4; lastKnownFileType = sourcecode.c.h; name = CouponListViewController.h; path = UI/CouponListViewController.h; sourceTree = "<group>"; };
		412FBD3E18BD7F3B009EF882 /* CouponListViewController.m */ = {isa = PBXFileReference; fileEncoding = 4; lastKnownFileType = sourcecode.c.objc; name = CouponListViewController.m; path = UI/CouponListViewController.m; sourceTree = "<group>"; };
		412FBD3F18BD7F3B009EF882 /* CouponListViewController.xib */ = {isa = PBXFileReference; fileEncoding = 4; lastKnownFileType = file.xib; name = CouponListViewController.xib; path = UI/CouponListViewController.xib; sourceTree = "<group>"; };
		412FBD4218BDCC21009EF882 /* RestaurantItem.h */ = {isa = PBXFileReference; fileEncoding = 4; lastKnownFileType = sourcecode.c.h; name = RestaurantItem.h; path = Source/RestaurantItem.h; sourceTree = "<group>"; };
		412FBD4318BDCC21009EF882 /* RestaurantItem.m */ = {isa = PBXFileReference; fileEncoding = 4; lastKnownFileType = sourcecode.c.objc; name = RestaurantItem.m; path = Source/RestaurantItem.m; sourceTree = "<group>"; };
		412FBD4518BDEA14009EF882 /* WebAPI.h */ = {isa = PBXFileReference; fileEncoding = 4; lastKnownFileType = sourcecode.c.h; name = WebAPI.h; path = Source/WebAPI.h; sourceTree = "<group>"; };
		412FBD4618BDEA14009EF882 /* WebAPI.m */ = {isa = PBXFileReference; fileEncoding = 4; lastKnownFileType = sourcecode.c.objc; name = WebAPI.m; path = Source/WebAPI.m; sourceTree = "<group>"; };
		412FBD4818BDEB64009EF882 /* CoreLocation.framework */ = {isa = PBXFileReference; lastKnownFileType = wrapper.framework; name = CoreLocation.framework; path = System/Library/Frameworks/CoreLocation.framework; sourceTree = SDKROOT; };
		41959E8718C5C20A009241FF /* ContactViewController.h */ = {isa = PBXFileReference; fileEncoding = 4; lastKnownFileType = sourcecode.c.h; name = ContactViewController.h; path = UI/ContactViewController.h; sourceTree = "<group>"; };
		41959E8818C5C20A009241FF /* ContactViewController.m */ = {isa = PBXFileReference; fileEncoding = 4; lastKnownFileType = sourcecode.c.objc; name = ContactViewController.m; path = UI/ContactViewController.m; sourceTree = "<group>"; };
		41959E8918C5C20A009241FF /* ContactViewController.xib */ = {isa = PBXFileReference; fileEncoding = 4; lastKnownFileType = file.xib; name = ContactViewController.xib; path = UI/ContactViewController.xib; sourceTree = "<group>"; };
		41959E8C18C5CF28009241FF /* AddressBook.framework */ = {isa = PBXFileReference; lastKnownFileType = wrapper.framework; name = AddressBook.framework; path = System/Library/Frameworks/AddressBook.framework; sourceTree = SDKROOT; };
		41959E9018C5D18C009241FF /* ABContact.h */ = {isa = PBXFileReference; fileEncoding = 4; lastKnownFileType = sourcecode.c.h; path = ABContact.h; sourceTree = "<group>"; };
		41959E9118C5D18C009241FF /* ABContact.m */ = {isa = PBXFileReference; fileEncoding = 4; lastKnownFileType = sourcecode.c.objc; path = ABContact.m; sourceTree = "<group>"; };
		41959E9218C5D18C009241FF /* ABContactsHelper.h */ = {isa = PBXFileReference; fileEncoding = 4; lastKnownFileType = sourcecode.c.h; path = ABContactsHelper.h; sourceTree = "<group>"; };
		41959E9318C5D18C009241FF /* ABContactsHelper.m */ = {isa = PBXFileReference; fileEncoding = 4; lastKnownFileType = sourcecode.c.objc; path = ABContactsHelper.m; sourceTree = "<group>"; };
		41959E9418C5D18C009241FF /* ABGroup.h */ = {isa = PBXFileReference; fileEncoding = 4; lastKnownFileType = sourcecode.c.h; path = ABGroup.h; sourceTree = "<group>"; };
		41959E9518C5D18C009241FF /* ABGroup.m */ = {isa = PBXFileReference; fileEncoding = 4; lastKnownFileType = sourcecode.c.objc; path = ABGroup.m; sourceTree = "<group>"; };
		41959E9618C5D18C009241FF /* ABStandin.h */ = {isa = PBXFileReference; fileEncoding = 4; lastKnownFileType = sourcecode.c.h; path = ABStandin.h; sourceTree = "<group>"; };
		41959E9718C5D18C009241FF /* ABStandin.m */ = {isa = PBXFileReference; fileEncoding = 4; lastKnownFileType = sourcecode.c.objc; path = ABStandin.m; sourceTree = "<group>"; };
		41959E9818C5D18C009241FF /* ABWrappers.h */ = {isa = PBXFileReference; fileEncoding = 4; lastKnownFileType = sourcecode.c.h; path = ABWrappers.h; sourceTree = "<group>"; };
		41959E9D18C5D48E009241FF /* UIFunction.h */ = {isa = PBXFileReference; fileEncoding = 4; lastKnownFileType = sourcecode.c.h; path = UIFunction.h; sourceTree = "<group>"; };
		41959E9E18C5D48E009241FF /* UIFunction.m */ = {isa = PBXFileReference; fileEncoding = 4; lastKnownFileType = sourcecode.c.objc; path = UIFunction.m; sourceTree = "<group>"; };
		41959EA018C5D62B009241FF /* TIContact.h */ = {isa = PBXFileReference; fileEncoding = 4; lastKnownFileType = sourcecode.c.h; name = TIContact.h; path = Source/TIContact.h; sourceTree = "<group>"; };
		41959EA118C5D62B009241FF /* TIContact.m */ = {isa = PBXFileReference; fileEncoding = 4; lastKnownFileType = sourcecode.c.objc; name = TIContact.m; path = Source/TIContact.m; sourceTree = "<group>"; };
		41AA8C5E18BC3C830081EA29 /* FitViewController.h */ = {isa = PBXFileReference; fileEncoding = 4; lastKnownFileType = sourcecode.c.h; name = FitViewController.h; path = UI/FitViewController.h; sourceTree = "<group>"; };
		41AA8C5F18BC3C830081EA29 /* FitViewController.m */ = {isa = PBXFileReference; fileEncoding = 4; lastKnownFileType = sourcecode.c.objc; name = FitViewController.m; path = UI/FitViewController.m; sourceTree = "<group>"; };
		41B4545418B461C70054E406 /* Tryit.app */ = {isa = PBXFileReference; explicitFileType = wrapper.application; includeInIndex = 0; path = Tryit.app; sourceTree = BUILT_PRODUCTS_DIR; };
		41B4545718B461C70054E406 /* Foundation.framework */ = {isa = PBXFileReference; lastKnownFileType = wrapper.framework; name = Foundation.framework; path = System/Library/Frameworks/Foundation.framework; sourceTree = SDKROOT; };
		41B4545918B461C70054E406 /* CoreGraphics.framework */ = {isa = PBXFileReference; lastKnownFileType = wrapper.framework; name = CoreGraphics.framework; path = System/Library/Frameworks/CoreGraphics.framework; sourceTree = SDKROOT; };
		41B4545B18B461C70054E406 /* UIKit.framework */ = {isa = PBXFileReference; lastKnownFileType = wrapper.framework; name = UIKit.framework; path = System/Library/Frameworks/UIKit.framework; sourceTree = SDKROOT; };
		41B4545F18B461C70054E406 /* Tryit-Info.plist */ = {isa = PBXFileReference; lastKnownFileType = text.plist.xml; path = "Tryit-Info.plist"; sourceTree = "<group>"; };
		41B4546118B461C70054E406 /* en */ = {isa = PBXFileReference; lastKnownFileType = text.plist.strings; name = en; path = en.lproj/InfoPlist.strings; sourceTree = "<group>"; };
		41B4546318B461C70054E406 /* main.m */ = {isa = PBXFileReference; lastKnownFileType = sourcecode.c.objc; path = main.m; sourceTree = "<group>"; };
		41B4546518B461C70054E406 /* Tryit-Prefix.pch */ = {isa = PBXFileReference; lastKnownFileType = sourcecode.c.h; path = "Tryit-Prefix.pch"; sourceTree = "<group>"; };
		41B4546618B461C70054E406 /* AppDelegate.h */ = {isa = PBXFileReference; lastKnownFileType = sourcecode.c.h; path = AppDelegate.h; sourceTree = "<group>"; };
		41B4546718B461C70054E406 /* AppDelegate.m */ = {isa = PBXFileReference; lastKnownFileType = sourcecode.c.objc; path = AppDelegate.m; sourceTree = "<group>"; };
		41B4546F18B461C70054E406 /* Images.xcassets */ = {isa = PBXFileReference; lastKnownFileType = folder.assetcatalog; path = Images.xcassets; sourceTree = "<group>"; };
		41B4547518B461C70054E406 /* TryitTests.xctest */ = {isa = PBXFileReference; explicitFileType = wrapper.cfbundle; includeInIndex = 0; path = TryitTests.xctest; sourceTree = BUILT_PRODUCTS_DIR; };
		41B4547618B461C70054E406 /* XCTest.framework */ = {isa = PBXFileReference; lastKnownFileType = wrapper.framework; name = XCTest.framework; path = Library/Frameworks/XCTest.framework; sourceTree = DEVELOPER_DIR; };
		41B4547E18B461C70054E406 /* TryitTests-Info.plist */ = {isa = PBXFileReference; lastKnownFileType = text.plist.xml; path = "TryitTests-Info.plist"; sourceTree = "<group>"; };
		41B4548018B461C70054E406 /* en */ = {isa = PBXFileReference; lastKnownFileType = text.plist.strings; name = en; path = en.lproj/InfoPlist.strings; sourceTree = "<group>"; };
		41B4548218B461C70054E406 /* TryitTests.m */ = {isa = PBXFileReference; lastKnownFileType = sourcecode.c.objc; path = TryitTests.m; sourceTree = "<group>"; };
		41C2BC7B18BB7E9200686CE8 /* DishesCell.h */ = {isa = PBXFileReference; fileEncoding = 4; lastKnownFileType = sourcecode.c.h; name = DishesCell.h; path = UI/DishesCell.h; sourceTree = "<group>"; };
		41C2BC7C18BB7E9200686CE8 /* DishesCell.m */ = {isa = PBXFileReference; fileEncoding = 4; lastKnownFileType = sourcecode.c.objc; name = DishesCell.m; path = UI/DishesCell.m; sourceTree = "<group>"; };
		41C2BC7E18BB7EE700686CE8 /* DishesCell.xib */ = {isa = PBXFileReference; fileEncoding = 4; lastKnownFileType = file.xib; name = DishesCell.xib; path = UI/DishesCell.xib; sourceTree = "<group>"; };
		41C46B2218BAE011006E2B80 /* MenuViewController.h */ = {isa = PBXFileReference; fileEncoding = 4; lastKnownFileType = sourcecode.c.h; name = MenuViewController.h; path = UI/MenuViewController.h; sourceTree = "<group>"; };
		41C46B2318BAE011006E2B80 /* MenuViewController.m */ = {isa = PBXFileReference; fileEncoding = 4; lastKnownFileType = sourcecode.c.objc; name = MenuViewController.m; path = UI/MenuViewController.m; sourceTree = "<group>"; };
		41C46B2418BAE011006E2B80 /* MenuViewController.xib */ = {isa = PBXFileReference; fileEncoding = 4; lastKnownFileType = file.xib; name = MenuViewController.xib; path = UI/MenuViewController.xib; sourceTree = "<group>"; };
		41C46B2818BAE485006E2B80 /* DishesViewController.h */ = {isa = PBXFileReference; fileEncoding = 4; lastKnownFileType = sourcecode.c.h; name = DishesViewController.h; path = UI/DishesViewController.h; sourceTree = "<group>"; };
		41C46B2918BAE485006E2B80 /* DishesViewController.m */ = {isa = PBXFileReference; fileEncoding = 4; lastKnownFileType = sourcecode.c.objc; name = DishesViewController.m; path = UI/DishesViewController.m; sourceTree = "<group>"; };
		41C46B2A18BAE485006E2B80 /* DishesViewController.xib */ = {isa = PBXFileReference; fileEncoding = 4; lastKnownFileType = file.xib; name = DishesViewController.xib; path = UI/DishesViewController.xib; sourceTree = "<group>"; };
		41FB010A18BAF2C100E852B5 /* CouponViewController.h */ = {isa = PBXFileReference; fileEncoding = 4; lastKnownFileType = sourcecode.c.h; name = CouponViewController.h; path = UI/CouponViewController.h; sourceTree = "<group>"; };
		41FB010B18BAF2C100E852B5 /* CouponViewController.m */ = {isa = PBXFileReference; fileEncoding = 4; lastKnownFileType = sourcecode.c.objc; name = CouponViewController.m; path = UI/CouponViewController.m; sourceTree = "<group>"; };
		41FB010C18BAF2C100E852B5 /* CouponViewController.xib */ = {isa = PBXFileReference; fileEncoding = 4; lastKnownFileType = file.xib; name = CouponViewController.xib; path = UI/CouponViewController.xib; sourceTree = "<group>"; };
		41FB010F18BAF65D00E852B5 /* MenuItem.h */ = {isa = PBXFileReference; fileEncoding = 4; lastKnownFileType = sourcecode.c.h; name = MenuItem.h; path = Source/MenuItem.h; sourceTree = "<group>"; };
		41FB011018BAF65D00E852B5 /* MenuItem.m */ = {isa = PBXFileReference; fileEncoding = 4; lastKnownFileType = sourcecode.c.objc; name = MenuItem.m; path = Source/MenuItem.m; sourceTree = "<group>"; };
		41FB011B18BAF90B00E852B5 /* en */ = {isa = PBXFileReference; lastKnownFileType = text.plist.strings; name = en; path = en.lproj/Localizable.strings; sourceTree = "<group>"; };
		41FB011D18BB322500E852B5 /* CenterViewController.h */ = {isa = PBXFileReference; fileEncoding = 4; lastKnownFileType = sourcecode.c.h; name = CenterViewController.h; path = UI/CenterViewController.h; sourceTree = "<group>"; };
		41FB011E18BB322500E852B5 /* CenterViewController.m */ = {isa = PBXFileReference; fileEncoding = 4; lastKnownFileType = sourcecode.c.objc; name = CenterViewController.m; path = UI/CenterViewController.m; sourceTree = "<group>"; };
		41FB012018BB323700E852B5 /* ProfileViewController.h */ = {isa = PBXFileReference; fileEncoding = 4; lastKnownFileType = sourcecode.c.h; name = ProfileViewController.h; path = UI/ProfileViewController.h; sourceTree = "<group>"; };
		41FB012118BB323700E852B5 /* ProfileViewController.m */ = {isa = PBXFileReference; fileEncoding = 4; lastKnownFileType = sourcecode.c.objc; name = ProfileViewController.m; path = UI/ProfileViewController.m; sourceTree = "<group>"; };
		41FB012218BB323700E852B5 /* ProfileViewController.xib */ = {isa = PBXFileReference; fileEncoding = 4; lastKnownFileType = file.xib; name = ProfileViewController.xib; path = UI/ProfileViewController.xib; sourceTree = "<group>"; };
		41FB012618BB52F500E852B5 /* DishItem.h */ = {isa = PBXFileReference; fileEncoding = 4; lastKnownFileType = sourcecode.c.h; name = DishItem.h; path = Source/DishItem.h; sourceTree = "<group>"; };
		41FB012718BB52F500E852B5 /* DishItem.m */ = {isa = PBXFileReference; fileEncoding = 4; lastKnownFileType = sourcecode.c.objc; name = DishItem.m; path = Source/DishItem.m; sourceTree = "<group>"; };
		A0EDB0FA7E6146E69ED79D4A /* Pods.xcconfig */ = {isa = PBXFileReference; includeInIndex = 1; lastKnownFileType = text.xcconfig; name = Pods.xcconfig; path = Pods/Pods.xcconfig; sourceTree = "<group>"; };
		D7ADC66DCC014BB3BC4D9158 /* libPods.a */ = {isa = PBXFileReference; explicitFileType = archive.ar; includeInIndex = 0; path = libPods.a; sourceTree = BUILT_PRODUCTS_DIR; };
/* End PBXFileReference section */

/* Begin PBXFrameworksBuildPhase section */
		41B4545118B461C70054E406 /* Frameworks */ = {
			isa = PBXFrameworksBuildPhase;
			buildActionMask = 2147483647;
			files = (
				41959E8D18C5CF28009241FF /* AddressBook.framework in Frameworks */,
				412FBD4918BDEB64009EF882 /* CoreLocation.framework in Frameworks */,
				41B4545A18B461C70054E406 /* CoreGraphics.framework in Frameworks */,
				41B4545C18B461C70054E406 /* UIKit.framework in Frameworks */,
				41B4545818B461C70054E406 /* Foundation.framework in Frameworks */,
				FA770C91FC564E06B19B5368 /* libPods.a in Frameworks */,
			);
			runOnlyForDeploymentPostprocessing = 0;
		};
		41B4547218B461C70054E406 /* Frameworks */ = {
			isa = PBXFrameworksBuildPhase;
			buildActionMask = 2147483647;
			files = (
				41B4547718B461C70054E406 /* XCTest.framework in Frameworks */,
				41B4547918B461C70054E406 /* UIKit.framework in Frameworks */,
				41B4547818B461C70054E406 /* Foundation.framework in Frameworks */,
			);
			runOnlyForDeploymentPostprocessing = 0;
		};
/* End PBXFrameworksBuildPhase section */

/* Begin PBXGroup section */
		410124A018C459E600C6D87C /* SCCam */ = {
			isa = PBXGroup;
			children = (
				410124A118C459E600C6D87C /* SCCaptureSessionManager.h */,
				410124A218C459E600C6D87C /* SCCaptureSessionManager.m */,
				410124A318C459E600C6D87C /* SCCommon.h */,
				410124A418C459E600C6D87C /* SCCommon.m */,
				410124A518C459E600C6D87C /* SCDefines.h */,
				410124A618C459E600C6D87C /* UIImage+Resize.h */,
				410124A718C459E600C6D87C /* UIImage+Resize.m */,
			);
			name = SCCam;
			path = UI/SCCam;
			sourceTree = "<group>";
		};
		41959E8E18C5D18C009241FF /* Tools */ = {
			isa = PBXGroup;
			children = (
				41959E9D18C5D48E009241FF /* UIFunction.h */,
				41959E9E18C5D48E009241FF /* UIFunction.m */,
				41959E8F18C5D18C009241FF /* Address Book Wrappers */,
			);
			name = Tools;
			path = Source/Tools;
			sourceTree = "<group>";
		};
		41959E8F18C5D18C009241FF /* Address Book Wrappers */ = {
			isa = PBXGroup;
			children = (
				41959E9018C5D18C009241FF /* ABContact.h */,
				41959E9118C5D18C009241FF /* ABContact.m */,
				41959E9218C5D18C009241FF /* ABContactsHelper.h */,
				41959E9318C5D18C009241FF /* ABContactsHelper.m */,
				41959E9418C5D18C009241FF /* ABGroup.h */,
				41959E9518C5D18C009241FF /* ABGroup.m */,
				41959E9618C5D18C009241FF /* ABStandin.h */,
				41959E9718C5D18C009241FF /* ABStandin.m */,
				41959E9818C5D18C009241FF /* ABWrappers.h */,
			);
			path = "Address Book Wrappers";
			sourceTree = "<group>";
		};
		41AA8C6118BC7AA70081EA29 /* Dishes */ = {
			isa = PBXGroup;
			children = (
				41C2BC7B18BB7E9200686CE8 /* DishesCell.h */,
				41C2BC7C18BB7E9200686CE8 /* DishesCell.m */,
				41C2BC7E18BB7EE700686CE8 /* DishesCell.xib */,
				41C46B2818BAE485006E2B80 /* DishesViewController.h */,
				41C46B2918BAE485006E2B80 /* DishesViewController.m */,
				41C46B2A18BAE485006E2B80 /* DishesViewController.xib */,
			);
			name = Dishes;
			sourceTree = "<group>";
		};
		41AA8C6218BC7AC90081EA29 /* Model */ = {
			isa = PBXGroup;
			children = (
				41FB010F18BAF65D00E852B5 /* MenuItem.h */,
				41FB011018BAF65D00E852B5 /* MenuItem.m */,
				41FB012618BB52F500E852B5 /* DishItem.h */,
				41FB012718BB52F500E852B5 /* DishItem.m */,
				412FBD4218BDCC21009EF882 /* RestaurantItem.h */,
				412FBD4318BDCC21009EF882 /* RestaurantItem.m */,
				41959EA018C5D62B009241FF /* TIContact.h */,
				41959EA118C5D62B009241FF /* TIContact.m */,
			);
			name = Model;
			sourceTree = "<group>";
		};
		41AA8C6318BC7AE50081EA29 /* Coupon */ = {
			isa = PBXGroup;
			children = (
				41FB010A18BAF2C100E852B5 /* CouponViewController.h */,
				41FB010B18BAF2C100E852B5 /* CouponViewController.m */,
				41FB010C18BAF2C100E852B5 /* CouponViewController.xib */,
				412FBD3D18BD7F3B009EF882 /* CouponListViewController.h */,
				412FBD3E18BD7F3B009EF882 /* CouponListViewController.m */,
				412FBD3F18BD7F3B009EF882 /* CouponListViewController.xib */,
				41D1DBE818C430C4003F274B /* Capture */,
				41959E8718C5C20A009241FF /* ContactViewController.h */,
				41959E8818C5C20A009241FF /* ContactViewController.m */,
				41959E8918C5C20A009241FF /* ContactViewController.xib */,
			);
			name = Coupon;
			sourceTree = "<group>";
		};
		41AA8C6418BC7BAF0081EA29 /* Profile */ = {
			isa = PBXGroup;
			children = (
				41FB012018BB323700E852B5 /* ProfileViewController.h */,
				41FB012118BB323700E852B5 /* ProfileViewController.m */,
				41FB012218BB323700E852B5 /* ProfileViewController.xib */,
			);
			name = Profile;
			sourceTree = "<group>";
		};
		41B4544B18B461C70054E406 = {
			isa = PBXGroup;
			children = (
				41B4545D18B461C70054E406 /* Tryit */,
				41B4547C18B461C70054E406 /* TryitTests */,
				41B4545618B461C70054E406 /* Frameworks */,
				41B4545518B461C70054E406 /* Products */,
				A0EDB0FA7E6146E69ED79D4A /* Pods.xcconfig */,
			);
			sourceTree = "<group>";
		};
		41B4545518B461C70054E406 /* Products */ = {
			isa = PBXGroup;
			children = (
				41B4545418B461C70054E406 /* Tryit.app */,
				41B4547518B461C70054E406 /* TryitTests.xctest */,
			);
			name = Products;
			sourceTree = "<group>";
		};
		41B4545618B461C70054E406 /* Frameworks */ = {
			isa = PBXGroup;
			children = (
				41959E8C18C5CF28009241FF /* AddressBook.framework */,
				412FBD4818BDEB64009EF882 /* CoreLocation.framework */,
				41B4545718B461C70054E406 /* Foundation.framework */,
				41B4545918B461C70054E406 /* CoreGraphics.framework */,
				41B4545B18B461C70054E406 /* UIKit.framework */,
				41B4547618B461C70054E406 /* XCTest.framework */,
				D7ADC66DCC014BB3BC4D9158 /* libPods.a */,
			);
			name = Frameworks;
			sourceTree = "<group>";
		};
		41B4545D18B461C70054E406 /* Tryit */ = {
			isa = PBXGroup;
			children = (
				41B4546618B461C70054E406 /* AppDelegate.h */,
				41B4546718B461C70054E406 /* AppDelegate.m */,
				41B4546F18B461C70054E406 /* Images.xcassets */,
				41B4545E18B461C70054E406 /* Supporting Files */,
				41C46B2718BAE023006E2B80 /* UI */,
				41FB011218BAF68400E852B5 /* Source */,
			);
			path = Tryit;
			sourceTree = "<group>";
		};
		41B4545E18B461C70054E406 /* Supporting Files */ = {
			isa = PBXGroup;
			children = (
				41B4545F18B461C70054E406 /* Tryit-Info.plist */,
				41B4546018B461C70054E406 /* InfoPlist.strings */,
				41B4546318B461C70054E406 /* main.m */,
				41B4546518B461C70054E406 /* Tryit-Prefix.pch */,
				41FB011C18BAF90B00E852B5 /* Localizable.strings */,
			);
			name = "Supporting Files";
			sourceTree = "<group>";
		};
		41B4547C18B461C70054E406 /* TryitTests */ = {
			isa = PBXGroup;
			children = (
				41B4548218B461C70054E406 /* TryitTests.m */,
				41B4547D18B461C70054E406 /* Supporting Files */,
			);
			path = TryitTests;
			sourceTree = "<group>";
		};
		41B4547D18B461C70054E406 /* Supporting Files */ = {
			isa = PBXGroup;
			children = (
				41B4547E18B461C70054E406 /* TryitTests-Info.plist */,
				41B4547F18B461C70054E406 /* InfoPlist.strings */,
			);
			name = "Supporting Files";
			sourceTree = "<group>";
		};
		41C46B2718BAE023006E2B80 /* UI */ = {
			isa = PBXGroup;
			children = (
				41FB012518BB325100E852B5 /* Menu */,
				41AA8C6118BC7AA70081EA29 /* Dishes */,
				41AA8C6318BC7AE50081EA29 /* Coupon */,
				41AA8C6418BC7BAF0081EA29 /* Profile */,
			);
			name = UI;
			sourceTree = "<group>";
		};
		41D1DBE818C430C4003F274B /* Capture */ = {
			isa = PBXGroup;
			children = (
				410124A018C459E600C6D87C /* SCCam */,
				410124AB18C45AEC00C6D87C /* CaptureViewController.h */,
				410124AC18C45AEC00C6D87C /* CaptureViewController.m */,
				410124AD18C45AEC00C6D87C /* CaptureViewController.xib */,
			);
			name = Capture;
			sourceTree = "<group>";
		};
		41FB011218BAF68400E852B5 /* Source */ = {
			isa = PBXGroup;
			children = (
				41959E8E18C5D18C009241FF /* Tools */,
				41AA8C6218BC7AC90081EA29 /* Model */,
				412FBD4518BDEA14009EF882 /* WebAPI.h */,
				412FBD4618BDEA14009EF882 /* WebAPI.m */,
			);
			name = Source;
			sourceTree = "<group>";
		};
		41FB012518BB325100E852B5 /* Menu */ = {
			isa = PBXGroup;
			children = (
				41FB011D18BB322500E852B5 /* CenterViewController.h */,
				41FB011E18BB322500E852B5 /* CenterViewController.m */,
				41C46B2218BAE011006E2B80 /* MenuViewController.h */,
				41C46B2318BAE011006E2B80 /* MenuViewController.m */,
				41C46B2418BAE011006E2B80 /* MenuViewController.xib */,
				41AA8C5E18BC3C830081EA29 /* FitViewController.h */,
				41AA8C5F18BC3C830081EA29 /* FitViewController.m */,
			);
			name = Menu;
			sourceTree = "<group>";
		};
/* End PBXGroup section */

/* Begin PBXNativeTarget section */
		41B4545318B461C70054E406 /* Tryit */ = {
			isa = PBXNativeTarget;
			buildConfigurationList = 41B4548618B461C70054E406 /* Build configuration list for PBXNativeTarget "Tryit" */;
			buildPhases = (
				9945A289E8FE41809E814B8C /* Check Pods Manifest.lock */,
				41B4545018B461C70054E406 /* Sources */,
				41B4545118B461C70054E406 /* Frameworks */,
				41B4545218B461C70054E406 /* Resources */,
				03A66286840C4DCD950C83C2 /* Copy Pods Resources */,
			);
			buildRules = (
			);
			dependencies = (
			);
			name = Tryit;
			productName = Tryit;
			productReference = 41B4545418B461C70054E406 /* Tryit.app */;
			productType = "com.apple.product-type.application";
		};
		41B4547418B461C70054E406 /* TryitTests */ = {
			isa = PBXNativeTarget;
			buildConfigurationList = 41B4548918B461C70054E406 /* Build configuration list for PBXNativeTarget "TryitTests" */;
			buildPhases = (
				41B4547118B461C70054E406 /* Sources */,
				41B4547218B461C70054E406 /* Frameworks */,
				41B4547318B461C70054E406 /* Resources */,
			);
			buildRules = (
			);
			dependencies = (
				41B4547B18B461C70054E406 /* PBXTargetDependency */,
			);
			name = TryitTests;
			productName = TryitTests;
			productReference = 41B4547518B461C70054E406 /* TryitTests.xctest */;
			productType = "com.apple.product-type.bundle.unit-test";
		};
/* End PBXNativeTarget section */

/* Begin PBXProject section */
		41B4544C18B461C70054E406 /* Project object */ = {
			isa = PBXProject;
			attributes = {
				LastUpgradeCheck = 0500;
				ORGANIZATIONNAME = Sktlab;
				TargetAttributes = {
					41B4547418B461C70054E406 = {
						TestTargetID = 41B4545318B461C70054E406;
					};
				};
			};
			buildConfigurationList = 41B4544F18B461C70054E406 /* Build configuration list for PBXProject "Tryit" */;
			compatibilityVersion = "Xcode 3.2";
			developmentRegion = English;
			hasScannedForEncodings = 0;
			knownRegions = (
				en,
				Base,
			);
			mainGroup = 41B4544B18B461C70054E406;
			productRefGroup = 41B4545518B461C70054E406 /* Products */;
			projectDirPath = "";
			projectRoot = "";
			targets = (
				41B4545318B461C70054E406 /* Tryit */,
				41B4547418B461C70054E406 /* TryitTests */,
			);
		};
/* End PBXProject section */

/* Begin PBXResourcesBuildPhase section */
		41B4545218B461C70054E406 /* Resources */ = {
			isa = PBXResourcesBuildPhase;
			buildActionMask = 2147483647;
			files = (
				41FB012418BB323700E852B5 /* ProfileViewController.xib in Resources */,
				41C46B2C18BAE485006E2B80 /* DishesViewController.xib in Resources */,
				41959E8B18C5C20A009241FF /* ContactViewController.xib in Resources */,
				41FB011A18BAF90B00E852B5 /* Localizable.strings in Resources */,
				41B4547018B461C70054E406 /* Images.xcassets in Resources */,
				412FBD4118BD7F3B009EF882 /* CouponListViewController.xib in Resources */,
				410124AF18C45AEC00C6D87C /* CaptureViewController.xib in Resources */,
				41C46B2618BAE011006E2B80 /* MenuViewController.xib in Resources */,
				41B4546218B461C70054E406 /* InfoPlist.strings in Resources */,
				41FB010E18BAF2C100E852B5 /* CouponViewController.xib in Resources */,
				41C2BC7F18BB7EE700686CE8 /* DishesCell.xib in Resources */,
			);
			runOnlyForDeploymentPostprocessing = 0;
		};
		41B4547318B461C70054E406 /* Resources */ = {
			isa = PBXResourcesBuildPhase;
			buildActionMask = 2147483647;
			files = (
				41B4548118B461C70054E406 /* InfoPlist.strings in Resources */,
			);
			runOnlyForDeploymentPostprocessing = 0;
		};
/* End PBXResourcesBuildPhase section */

/* Begin PBXShellScriptBuildPhase section */
		03A66286840C4DCD950C83C2 /* Copy Pods Resources */ = {
			isa = PBXShellScriptBuildPhase;
			buildActionMask = 2147483647;
			files = (
			);
			inputPaths = (
			);
			name = "Copy Pods Resources";
			outputPaths = (
			);
			runOnlyForDeploymentPostprocessing = 0;
			shellPath = /bin/sh;
			shellScript = "\"${SRCROOT}/Pods/Pods-resources.sh\"\n";
			showEnvVarsInLog = 0;
		};
		9945A289E8FE41809E814B8C /* Check Pods Manifest.lock */ = {
			isa = PBXShellScriptBuildPhase;
			buildActionMask = 2147483647;
			files = (
			);
			inputPaths = (
			);
			name = "Check Pods Manifest.lock";
			outputPaths = (
			);
			runOnlyForDeploymentPostprocessing = 0;
			shellPath = /bin/sh;
			shellScript = "diff \"${PODS_ROOT}/../Podfile.lock\" \"${PODS_ROOT}/Manifest.lock\" > /dev/null\nif [[ $? != 0 ]] ; then\n    cat << EOM\nerror: The sandbox is not in sync with the Podfile.lock. Run 'pod install' or update your CocoaPods installation.\nEOM\n    exit 1\nfi\n";
			showEnvVarsInLog = 0;
		};
/* End PBXShellScriptBuildPhase section */

/* Begin PBXSourcesBuildPhase section */
		41B4545018B461C70054E406 /* Sources */ = {
			isa = PBXSourcesBuildPhase;
			buildActionMask = 2147483647;
			files = (
				412FBD4018BD7F3B009EF882 /* CouponListViewController.m in Sources */,
				41959E9C18C5D18C009241FF /* ABStandin.m in Sources */,
				41FB012818BB52F500E852B5 /* DishItem.m in Sources */,
				41959E9F18C5D48E009241FF /* UIFunction.m in Sources */,
				41C2BC7D18BB7E9200686CE8 /* DishesCell.m in Sources */,
				412FBD4718BDEA14009EF882 /* WebAPI.m in Sources */,
				41AA8C6018BC3C830081EA29 /* FitViewController.m in Sources */,
				410124AE18C45AEC00C6D87C /* CaptureViewController.m in Sources */,
				410124AA18C459E600C6D87C /* UIImage+Resize.m in Sources */,
				41B4546818B461C70054E406 /* AppDelegate.m in Sources */,
				41959E8A18C5C20A009241FF /* ContactViewController.m in Sources */,
				41FB010D18BAF2C100E852B5 /* CouponViewController.m in Sources */,
				41FB012318BB323700E852B5 /* ProfileViewController.m in Sources */,
				41C46B2B18BAE485006E2B80 /* DishesViewController.m in Sources */,
				41FB011118BAF65D00E852B5 /* MenuItem.m in Sources */,
				41959E9918C5D18C009241FF /* ABContact.m in Sources */,
				41B4546418B461C70054E406 /* main.m in Sources */,
				410124A918C459E600C6D87C /* SCCommon.m in Sources */,
				41C46B2518BAE011006E2B80 /* MenuViewController.m in Sources */,
				410124A818C459E600C6D87C /* SCCaptureSessionManager.m in Sources */,
				41959EA218C5D62B009241FF /* TIContact.m in Sources */,
				41959E9B18C5D18C009241FF /* ABGroup.m in Sources */,
				412FBD4418BDCC21009EF882 /* RestaurantItem.m in Sources */,
				41FB011F18BB322500E852B5 /* CenterViewController.m in Sources */,
				41959E9A18C5D18C009241FF /* ABContactsHelper.m in Sources */,
			);
			runOnlyForDeploymentPostprocessing = 0;
		};
		41B4547118B461C70054E406 /* Sources */ = {
			isa = PBXSourcesBuildPhase;
			buildActionMask = 2147483647;
			files = (
				41B4548318B461C70054E406 /* TryitTests.m in Sources */,
			);
			runOnlyForDeploymentPostprocessing = 0;
		};
/* End PBXSourcesBuildPhase section */

/* Begin PBXTargetDependency section */
		41B4547B18B461C70054E406 /* PBXTargetDependency */ = {
			isa = PBXTargetDependency;
			target = 41B4545318B461C70054E406 /* Tryit */;
			targetProxy = 41B4547A18B461C70054E406 /* PBXContainerItemProxy */;
		};
/* End PBXTargetDependency section */

/* Begin PBXVariantGroup section */
		41B4546018B461C70054E406 /* InfoPlist.strings */ = {
			isa = PBXVariantGroup;
			children = (
				41B4546118B461C70054E406 /* en */,
			);
			name = InfoPlist.strings;
			sourceTree = "<group>";
		};
		41B4547F18B461C70054E406 /* InfoPlist.strings */ = {
			isa = PBXVariantGroup;
			children = (
				41B4548018B461C70054E406 /* en */,
			);
			name = InfoPlist.strings;
			sourceTree = "<group>";
		};
		41FB011C18BAF90B00E852B5 /* Localizable.strings */ = {
			isa = PBXVariantGroup;
			children = (
				41FB011B18BAF90B00E852B5 /* en */,
			);
			name = Localizable.strings;
			sourceTree = "<group>";
		};
/* End PBXVariantGroup section */

/* Begin XCBuildConfiguration section */
		41B4548418B461C70054E406 /* Debug */ = {
			isa = XCBuildConfiguration;
			buildSettings = {
				ALWAYS_SEARCH_USER_PATHS = NO;
				ARCHS = "$(ARCHS_STANDARD_INCLUDING_64_BIT)";
				CLANG_CXX_LANGUAGE_STANDARD = "gnu++0x";
				CLANG_CXX_LIBRARY = "libc++";
				CLANG_ENABLE_MODULES = YES;
				CLANG_ENABLE_OBJC_ARC = YES;
				CLANG_WARN_BOOL_CONVERSION = YES;
				CLANG_WARN_CONSTANT_CONVERSION = YES;
				CLANG_WARN_DIRECT_OBJC_ISA_USAGE = YES_ERROR;
				CLANG_WARN_EMPTY_BODY = YES;
				CLANG_WARN_ENUM_CONVERSION = YES;
				CLANG_WARN_INT_CONVERSION = YES;
				CLANG_WARN_OBJC_ROOT_CLASS = YES_ERROR;
				CLANG_WARN__DUPLICATE_METHOD_MATCH = YES;
				"CODE_SIGN_IDENTITY[sdk=iphoneos*]" = "iPhone Developer";
				COPY_PHASE_STRIP = NO;
				GCC_C_LANGUAGE_STANDARD = gnu99;
				GCC_DYNAMIC_NO_PIC = NO;
				GCC_OPTIMIZATION_LEVEL = 0;
				GCC_PREPROCESSOR_DEFINITIONS = (
					"DEBUG=1",
					"$(inherited)",
				);
				GCC_SYMBOLS_PRIVATE_EXTERN = NO;
				GCC_WARN_64_TO_32_BIT_CONVERSION = YES;
				GCC_WARN_ABOUT_RETURN_TYPE = YES_ERROR;
				GCC_WARN_UNDECLARED_SELECTOR = YES;
				GCC_WARN_UNINITIALIZED_AUTOS = YES;
				GCC_WARN_UNUSED_FUNCTION = YES;
				GCC_WARN_UNUSED_VARIABLE = YES;
				IPHONEOS_DEPLOYMENT_TARGET = 7.0;
				ONLY_ACTIVE_ARCH = YES;
				SDKROOT = iphoneos;
			};
			name = Debug;
		};
		41B4548518B461C70054E406 /* Release */ = {
			isa = XCBuildConfiguration;
			buildSettings = {
				ALWAYS_SEARCH_USER_PATHS = NO;
				ARCHS = "$(ARCHS_STANDARD_INCLUDING_64_BIT)";
				CLANG_CXX_LANGUAGE_STANDARD = "gnu++0x";
				CLANG_CXX_LIBRARY = "libc++";
				CLANG_ENABLE_MODULES = YES;
				CLANG_ENABLE_OBJC_ARC = YES;
				CLANG_WARN_BOOL_CONVERSION = YES;
				CLANG_WARN_CONSTANT_CONVERSION = YES;
				CLANG_WARN_DIRECT_OBJC_ISA_USAGE = YES_ERROR;
				CLANG_WARN_EMPTY_BODY = YES;
				CLANG_WARN_ENUM_CONVERSION = YES;
				CLANG_WARN_INT_CONVERSION = YES;
				CLANG_WARN_OBJC_ROOT_CLASS = YES_ERROR;
				CLANG_WARN__DUPLICATE_METHOD_MATCH = YES;
				"CODE_SIGN_IDENTITY[sdk=iphoneos*]" = "iPhone Developer";
				COPY_PHASE_STRIP = YES;
				ENABLE_NS_ASSERTIONS = NO;
				GCC_C_LANGUAGE_STANDARD = gnu99;
				GCC_WARN_64_TO_32_BIT_CONVERSION = YES;
				GCC_WARN_ABOUT_RETURN_TYPE = YES_ERROR;
				GCC_WARN_UNDECLARED_SELECTOR = YES;
				GCC_WARN_UNINITIALIZED_AUTOS = YES;
				GCC_WARN_UNUSED_FUNCTION = YES;
				GCC_WARN_UNUSED_VARIABLE = YES;
				IPHONEOS_DEPLOYMENT_TARGET = 7.0;
				SDKROOT = iphoneos;
				VALIDATE_PRODUCT = YES;
			};
			name = Release;
		};
		41B4548718B461C70054E406 /* Debug */ = {
			isa = XCBuildConfiguration;
			baseConfigurationReference = A0EDB0FA7E6146E69ED79D4A /* Pods.xcconfig */;
			buildSettings = {
				ASSETCATALOG_COMPILER_APPICON_NAME = AppIcon;
				ASSETCATALOG_COMPILER_LAUNCHIMAGE_NAME = LaunchImage;
				GCC_PRECOMPILE_PREFIX_HEADER = YES;
				GCC_PREFIX_HEADER = "Tryit/Tryit-Prefix.pch";
				INFOPLIST_FILE = "Tryit/Tryit-Info.plist";
				IPHONEOS_DEPLOYMENT_TARGET = 6.0;
				PRODUCT_NAME = "$(TARGET_NAME)";
				WRAPPER_EXTENSION = app;
			};
			name = Debug;
		};
		41B4548818B461C70054E406 /* Release */ = {
			isa = XCBuildConfiguration;
			baseConfigurationReference = A0EDB0FA7E6146E69ED79D4A /* Pods.xcconfig */;
			buildSettings = {
				ASSETCATALOG_COMPILER_APPICON_NAME = AppIcon;
				ASSETCATALOG_COMPILER_LAUNCHIMAGE_NAME = LaunchImage;
				GCC_PRECOMPILE_PREFIX_HEADER = YES;
				GCC_PREFIX_HEADER = "Tryit/Tryit-Prefix.pch";
				INFOPLIST_FILE = "Tryit/Tryit-Info.plist";
				IPHONEOS_DEPLOYMENT_TARGET = 6.0;
				PRODUCT_NAME = "$(TARGET_NAME)";
				WRAPPER_EXTENSION = app;
			};
			name = Release;
		};
		41B4548A18B461C70054E406 /* Debug */ = {
			isa = XCBuildConfiguration;
			buildSettings = {
				ARCHS = "$(ARCHS_STANDARD_INCLUDING_64_BIT)";
				BUNDLE_LOADER = "$(BUILT_PRODUCTS_DIR)/Tryit.app/Tryit";
				FRAMEWORK_SEARCH_PATHS = (
					"$(SDKROOT)/Developer/Library/Frameworks",
					"$(inherited)",
					"$(DEVELOPER_FRAMEWORKS_DIR)",
				);
				GCC_PRECOMPILE_PREFIX_HEADER = YES;
				GCC_PREFIX_HEADER = "Tryit/Tryit-Prefix.pch";
				GCC_PREPROCESSOR_DEFINITIONS = (
					"DEBUG=1",
					"$(inherited)",
				);
				INFOPLIST_FILE = "TryitTests/TryitTests-Info.plist";
				PRODUCT_NAME = "$(TARGET_NAME)";
				TEST_HOST = "$(BUNDLE_LOADER)";
				WRAPPER_EXTENSION = xctest;
			};
			name = Debug;
		};
		41B4548B18B461C70054E406 /* Release */ = {
			isa = XCBuildConfiguration;
			buildSettings = {
				ARCHS = "$(ARCHS_STANDARD_INCLUDING_64_BIT)";
				BUNDLE_LOADER = "$(BUILT_PRODUCTS_DIR)/Tryit.app/Tryit";
				FRAMEWORK_SEARCH_PATHS = (
					"$(SDKROOT)/Developer/Library/Frameworks",
					"$(inherited)",
					"$(DEVELOPER_FRAMEWORKS_DIR)",
				);
				GCC_PRECOMPILE_PREFIX_HEADER = YES;
				GCC_PREFIX_HEADER = "Tryit/Tryit-Prefix.pch";
				INFOPLIST_FILE = "TryitTests/TryitTests-Info.plist";
				PRODUCT_NAME = "$(TARGET_NAME)";
				TEST_HOST = "$(BUNDLE_LOADER)";
				WRAPPER_EXTENSION = xctest;
			};
			name = Release;
		};
/* End XCBuildConfiguration section */

/* Begin XCConfigurationList section */
		41B4544F18B461C70054E406 /* Build configuration list for PBXProject "Tryit" */ = {
			isa = XCConfigurationList;
			buildConfigurations = (
				41B4548418B461C70054E406 /* Debug */,
				41B4548518B461C70054E406 /* Release */,
			);
			defaultConfigurationIsVisible = 0;
			defaultConfigurationName = Release;
		};
		41B4548618B461C70054E406 /* Build configuration list for PBXNativeTarget "Tryit" */ = {
			isa = XCConfigurationList;
			buildConfigurations = (
				41B4548718B461C70054E406 /* Debug */,
				41B4548818B461C70054E406 /* Release */,
			);
			defaultConfigurationIsVisible = 0;
			defaultConfigurationName = Release;
		};
		41B4548918B461C70054E406 /* Build configuration list for PBXNativeTarget "TryitTests" */ = {
			isa = XCConfigurationList;
			buildConfigurations = (
				41B4548A18B461C70054E406 /* Debug */,
				41B4548B18B461C70054E406 /* Release */,
			);
			defaultConfigurationIsVisible = 0;
			defaultConfigurationName = Release;
		};
/* End XCConfigurationList section */
	};
	rootObject = 41B4544C18B461C70054E406 /* Project object */;
}
