// !$*UTF8*$!
{
	archiveVersion = 1;
	classes = {
	};
	objectVersion = 46;
	objects = {

/* Begin PBXBuildFile section */
		411B957118D68D2300AAD73A /* ProductItem.m in Sources */ = {isa = PBXBuildFile; fileRef = 411B957018D68D2300AAD73A /* ProductItem.m */; };
		411B957718D6E1B500AAD73A /* CouponListViewController.m in Sources */ = {isa = PBXBuildFile; fileRef = 411B957518D6E1B500AAD73A /* CouponListViewController.m */; };
		411B957818D6E1B500AAD73A /* CouponListViewController.xib in Resources */ = {isa = PBXBuildFile; fileRef = 411B957618D6E1B500AAD73A /* CouponListViewController.xib */; };
		411B957B18D6E44E00AAD73A /* CouponItem.m in Sources */ = {isa = PBXBuildFile; fileRef = 411B957A18D6E44E00AAD73A /* CouponItem.m */; };
		411B957F18D6E70100AAD73A /* CouponCell.m in Sources */ = {isa = PBXBuildFile; fileRef = 411B957E18D6E70100AAD73A /* CouponCell.m */; };
		411B958118D6ECD800AAD73A /* CouponCell.xib in Resources */ = {isa = PBXBuildFile; fileRef = 411B958018D6ECD800AAD73A /* CouponCell.xib */; };
		412371E818D297FB001DE23E /* RestCheckViewController.m in Sources */ = {isa = PBXBuildFile; fileRef = 412371E618D297FA001DE23E /* RestCheckViewController.m */; };
		412371E918D297FB001DE23E /* RestCheckViewController.xib in Resources */ = {isa = PBXBuildFile; fileRef = 412371E718D297FB001DE23E /* RestCheckViewController.xib */; };
		412371EC18D2A1DF001DE23E /* CheckSectionView.m in Sources */ = {isa = PBXBuildFile; fileRef = 412371EB18D2A1DF001DE23E /* CheckSectionView.m */; };
		412371F018D2A287001DE23E /* CheckSectionView.xib in Resources */ = {isa = PBXBuildFile; fileRef = 412371EF18D2A287001DE23E /* CheckSectionView.xib */; };
		412371F318D2A72E001DE23E /* ProductCell.m in Sources */ = {isa = PBXBuildFile; fileRef = 412371F218D2A72E001DE23E /* ProductCell.m */; };
		412371F518D2A74D001DE23E /* ProductCell.xib in Resources */ = {isa = PBXBuildFile; fileRef = 412371F418D2A74D001DE23E /* ProductCell.xib */; };
		41287E8618CEE40A000F9F27 /* SignInViewController.m in Sources */ = {isa = PBXBuildFile; fileRef = 41287E8418CEE40A000F9F27 /* SignInViewController.m */; };
		41287E8718CEE40A000F9F27 /* SignInViewController.xib in Resources */ = {isa = PBXBuildFile; fileRef = 41287E8518CEE40A000F9F27 /* SignInViewController.xib */; };
		41287E8B18CEE42D000F9F27 /* SignUpViewController.m in Sources */ = {isa = PBXBuildFile; fileRef = 41287E8918CEE42D000F9F27 /* SignUpViewController.m */; };
		41287E8C18CEE42D000F9F27 /* SignUpViewController.xib in Resources */ = {isa = PBXBuildFile; fileRef = 41287E8A18CEE42D000F9F27 /* SignUpViewController.xib */; };
		412D410618DC4F04007E81F7 /* Images.xcassets in Resources */ = {isa = PBXBuildFile; fileRef = 412D410518DC4F04007E81F7 /* Images.xcassets */; };
		412FBD4418BDCC21009EF882 /* RestaurantItem.m in Sources */ = {isa = PBXBuildFile; fileRef = 412FBD4318BDCC21009EF882 /* RestaurantItem.m */; };
		412FBD4718BDEA14009EF882 /* WebAPI.m in Sources */ = {isa = PBXBuildFile; fileRef = 412FBD4618BDEA14009EF882 /* WebAPI.m */; };
		412FBD4918BDEB64009EF882 /* CoreLocation.framework in Frameworks */ = {isa = PBXBuildFile; fileRef = 412FBD4818BDEB64009EF882 /* CoreLocation.framework */; };
		4144CD8618F6858D0037726C /* UIScrollView+SVInfiniteScrolling.m in Sources */ = {isa = PBXBuildFile; fileRef = 4144CD8318F6858D0037726C /* UIScrollView+SVInfiniteScrolling.m */; };
		4144CD8718F6858D0037726C /* UIScrollView+SVPullToRefresh.m in Sources */ = {isa = PBXBuildFile; fileRef = 4144CD8518F6858D0037726C /* UIScrollView+SVPullToRefresh.m */; };
		4144CD8A18F6977C0037726C /* ProductInfoCell.m in Sources */ = {isa = PBXBuildFile; fileRef = 4144CD8918F6977C0037726C /* ProductInfoCell.m */; };
		4144CD8C18F6978E0037726C /* ProductInfoCell.xib in Resources */ = {isa = PBXBuildFile; fileRef = 4144CD8B18F6978E0037726C /* ProductInfoCell.xib */; };
		415F9B2518F0FD2500E801D4 /* UIImageView+DownLoad.m in Sources */ = {isa = PBXBuildFile; fileRef = 415F9B2418F0FD2500E801D4 /* UIImageView+DownLoad.m */; };
		41959E8A18C5C20A009241FF /* ContactViewController.m in Sources */ = {isa = PBXBuildFile; fileRef = 41959E8818C5C20A009241FF /* ContactViewController.m */; };
		41959E8B18C5C20A009241FF /* ContactViewController.xib in Resources */ = {isa = PBXBuildFile; fileRef = 41959E8918C5C20A009241FF /* ContactViewController.xib */; };
		41959E8D18C5CF28009241FF /* AddressBook.framework in Frameworks */ = {isa = PBXBuildFile; fileRef = 41959E8C18C5CF28009241FF /* AddressBook.framework */; };
		41959E9918C5D18C009241FF /* ABContact.m in Sources */ = {isa = PBXBuildFile; fileRef = 41959E9118C5D18C009241FF /* ABContact.m */; };
		41959E9A18C5D18C009241FF /* ABContactsHelper.m in Sources */ = {isa = PBXBuildFile; fileRef = 41959E9318C5D18C009241FF /* ABContactsHelper.m */; };
		41959E9B18C5D18C009241FF /* ABGroup.m in Sources */ = {isa = PBXBuildFile; fileRef = 41959E9518C5D18C009241FF /* ABGroup.m */; };
		41959E9C18C5D18C009241FF /* ABStandin.m in Sources */ = {isa = PBXBuildFile; fileRef = 41959E9718C5D18C009241FF /* ABStandin.m */; };
		41959E9F18C5D48E009241FF /* UIFunction.m in Sources */ = {isa = PBXBuildFile; fileRef = 41959E9E18C5D48E009241FF /* UIFunction.m */; };
		41959EA218C5D62B009241FF /* TIContact.m in Sources */ = {isa = PBXBuildFile; fileRef = 41959EA118C5D62B009241FF /* TIContact.m */; };
		419985FC18E95420008A1B37 /* CreateCouponItem.m in Sources */ = {isa = PBXBuildFile; fileRef = 419985FB18E95420008A1B37 /* CreateCouponItem.m */; };
		419985FF18EA8F7A008A1B37 /* RestCheckHeaderView.m in Sources */ = {isa = PBXBuildFile; fileRef = 419985FE18EA8F7A008A1B37 /* RestCheckHeaderView.m */; };
		4199860118EA8FEB008A1B37 /* RestCheckHeaderView.xib in Resources */ = {isa = PBXBuildFile; fileRef = 4199860018EA8FEB008A1B37 /* RestCheckHeaderView.xib */; };
		4199860518EAC2BE008A1B37 /* FilterViewController.m in Sources */ = {isa = PBXBuildFile; fileRef = 4199860318EAC2BE008A1B37 /* FilterViewController.m */; };
		4199860818EAC2E9008A1B37 /* FilterViewController.xib in Resources */ = {isa = PBXBuildFile; fileRef = 4199860718EAC2E9008A1B37 /* FilterViewController.xib */; };
		41AA8C6018BC3C830081EA29 /* FitViewController.m in Sources */ = {isa = PBXBuildFile; fileRef = 41AA8C5F18BC3C830081EA29 /* FitViewController.m */; };
		41B2682C18E5717F001A2257 /* ServerViewController.m in Sources */ = {isa = PBXBuildFile; fileRef = 41B2682B18E5717F001A2257 /* ServerViewController.m */; };
		41B4545818B461C70054E406 /* Foundation.framework in Frameworks */ = {isa = PBXBuildFile; fileRef = 41B4545718B461C70054E406 /* Foundation.framework */; };
		41B4545A18B461C70054E406 /* CoreGraphics.framework in Frameworks */ = {isa = PBXBuildFile; fileRef = 41B4545918B461C70054E406 /* CoreGraphics.framework */; };
		41B4545C18B461C70054E406 /* UIKit.framework in Frameworks */ = {isa = PBXBuildFile; fileRef = 41B4545B18B461C70054E406 /* UIKit.framework */; };
		41B4546218B461C70054E406 /* InfoPlist.strings in Resources */ = {isa = PBXBuildFile; fileRef = 41B4546018B461C70054E406 /* InfoPlist.strings */; };
		41B4546418B461C70054E406 /* main.m in Sources */ = {isa = PBXBuildFile; fileRef = 41B4546318B461C70054E406 /* main.m */; };
		41B4546818B461C70054E406 /* AppDelegate.m in Sources */ = {isa = PBXBuildFile; fileRef = 41B4546718B461C70054E406 /* AppDelegate.m */; };
		41B4547718B461C70054E406 /* XCTest.framework in Frameworks */ = {isa = PBXBuildFile; fileRef = 41B4547618B461C70054E406 /* XCTest.framework */; };
		41B4547818B461C70054E406 /* Foundation.framework in Frameworks */ = {isa = PBXBuildFile; fileRef = 41B4545718B461C70054E406 /* Foundation.framework */; };
		41B4547918B461C70054E406 /* UIKit.framework in Frameworks */ = {isa = PBXBuildFile; fileRef = 41B4545B18B461C70054E406 /* UIKit.framework */; };
		41B4548118B461C70054E406 /* InfoPlist.strings in Resources */ = {isa = PBXBuildFile; fileRef = 41B4547F18B461C70054E406 /* InfoPlist.strings */; };
		41B4548318B461C70054E406 /* TryitTests.m in Sources */ = {isa = PBXBuildFile; fileRef = 41B4548218B461C70054E406 /* TryitTests.m */; };
		41C2BC7D18BB7E9200686CE8 /* DishesCell.m in Sources */ = {isa = PBXBuildFile; fileRef = 41C2BC7C18BB7E9200686CE8 /* DishesCell.m */; };
		41C2BC7F18BB7EE700686CE8 /* DishesCell.xib in Resources */ = {isa = PBXBuildFile; fileRef = 41C2BC7E18BB7EE700686CE8 /* DishesCell.xib */; };
		41C46B2518BAE011006E2B80 /* MenuViewController.m in Sources */ = {isa = PBXBuildFile; fileRef = 41C46B2318BAE011006E2B80 /* MenuViewController.m */; };
		41C46B2618BAE011006E2B80 /* MenuViewController.xib in Resources */ = {isa = PBXBuildFile; fileRef = 41C46B2418BAE011006E2B80 /* MenuViewController.xib */; };
		41C46B2B18BAE485006E2B80 /* DishesViewController.m in Sources */ = {isa = PBXBuildFile; fileRef = 41C46B2918BAE485006E2B80 /* DishesViewController.m */; };
		41C46B2C18BAE485006E2B80 /* DishesViewController.xib in Resources */ = {isa = PBXBuildFile; fileRef = 41C46B2A18BAE485006E2B80 /* DishesViewController.xib */; };
		41D79AC418E01123001566A3 /* NSString+Utlity.m in Sources */ = {isa = PBXBuildFile; fileRef = 41D79AC318E01123001566A3 /* NSString+Utlity.m */; };
		41D79AC718E01324001566A3 /* UIButtonExt.m in Sources */ = {isa = PBXBuildFile; fileRef = 41D79AC618E01324001566A3 /* UIButtonExt.m */; };
		41EA4F6318D15F7400915A52 /* LocationViewController.m in Sources */ = {isa = PBXBuildFile; fileRef = 41EA4F6118D15F7400915A52 /* LocationViewController.m */; };
		41EA4F6418D15F7400915A52 /* LocationViewController.xib in Resources */ = {isa = PBXBuildFile; fileRef = 41EA4F6218D15F7400915A52 /* LocationViewController.xib */; };
		41EA4F6618D160DD00915A52 /* MapKit.framework in Frameworks */ = {isa = PBXBuildFile; fileRef = 41EA4F6518D160DD00915A52 /* MapKit.framework */; };
		41EA4F6918D1998200915A52 /* NearRestaurantCell.m in Sources */ = {isa = PBXBuildFile; fileRef = 41EA4F6818D1998200915A52 /* NearRestaurantCell.m */; };
		41EA4F6B18D1999800915A52 /* NearRestaurantCell.xib in Resources */ = {isa = PBXBuildFile; fileRef = 41EA4F6A18D1999800915A52 /* NearRestaurantCell.xib */; };
		41EA4F6E18D1B7CB00915A52 /* RestaurantAnnotation.m in Sources */ = {isa = PBXBuildFile; fileRef = 41EA4F6D18D1B7CB00915A52 /* RestaurantAnnotation.m */; };
		41F6684618C6F7B300A0A260 /* ContactCell.m in Sources */ = {isa = PBXBuildFile; fileRef = 41F6684518C6F7B300A0A260 /* ContactCell.m */; };
		41F6684818C6F9D900A0A260 /* ContactCell.xib in Resources */ = {isa = PBXBuildFile; fileRef = 41F6684718C6F9D900A0A260 /* ContactCell.xib */; };
		41FB010D18BAF2C100E852B5 /* CouponViewController.m in Sources */ = {isa = PBXBuildFile; fileRef = 41FB010B18BAF2C100E852B5 /* CouponViewController.m */; };
		41FB010E18BAF2C100E852B5 /* CouponViewController.xib in Resources */ = {isa = PBXBuildFile; fileRef = 41FB010C18BAF2C100E852B5 /* CouponViewController.xib */; };
		41FB011118BAF65D00E852B5 /* MenuItem.m in Sources */ = {isa = PBXBuildFile; fileRef = 41FB011018BAF65D00E852B5 /* MenuItem.m */; };
		41FB011A18BAF90B00E852B5 /* Localizable.strings in Resources */ = {isa = PBXBuildFile; fileRef = 41FB011C18BAF90B00E852B5 /* Localizable.strings */; };
		41FB011F18BB322500E852B5 /* CenterViewController.m in Sources */ = {isa = PBXBuildFile; fileRef = 41FB011E18BB322500E852B5 /* CenterViewController.m */; };
		41FB012318BB323700E852B5 /* ProfileViewController.m in Sources */ = {isa = PBXBuildFile; fileRef = 41FB012118BB323700E852B5 /* ProfileViewController.m */; };
		41FB012418BB323700E852B5 /* ProfileViewController.xib in Resources */ = {isa = PBXBuildFile; fileRef = 41FB012218BB323700E852B5 /* ProfileViewController.xib */; };
		41FD5D0E18D7DF3700172DB9 /* ProfileInfoView.m in Sources */ = {isa = PBXBuildFile; fileRef = 41FD5D0D18D7DF3700172DB9 /* ProfileInfoView.m */; };
		41FD5D1018D7DF9400172DB9 /* ProfileInfoView.xib in Resources */ = {isa = PBXBuildFile; fileRef = 41FD5D0F18D7DF9400172DB9 /* ProfileInfoView.xib */; };
		41FD5D1318D7F1B600172DB9 /* UserProfile.m in Sources */ = {isa = PBXBuildFile; fileRef = 41FD5D1218D7F1B600172DB9 /* UserProfile.m */; };
		41FD5D1618D7F9CC00172DB9 /* UserRestCell.m in Sources */ = {isa = PBXBuildFile; fileRef = 41FD5D1518D7F9CC00172DB9 /* UserRestCell.m */; };
		41FD5D1818D82A4200172DB9 /* UserRestCell.xib in Resources */ = {isa = PBXBuildFile; fileRef = 41FD5D1718D82A4200172DB9 /* UserRestCell.xib */; };
		41FD5D1D18D8561500172DB9 /* UserRestViewController.m in Sources */ = {isa = PBXBuildFile; fileRef = 41FD5D1B18D8561500172DB9 /* UserRestViewController.m */; };
		41FD5D1E18D8561500172DB9 /* UserRestViewController.xib in Resources */ = {isa = PBXBuildFile; fileRef = 41FD5D1C18D8561500172DB9 /* UserRestViewController.xib */; };
		41FD5D2318D8571800172DB9 /* UserRestInfoView.m in Sources */ = {isa = PBXBuildFile; fileRef = 41FD5D2218D8571800172DB9 /* UserRestInfoView.m */; };
		41FD5D2518D8572E00172DB9 /* UserRestInfoView.xib in Resources */ = {isa = PBXBuildFile; fileRef = 41FD5D2418D8572E00172DB9 /* UserRestInfoView.xib */; };
		41FD5D2818D8579500172DB9 /* UserCouponCell.m in Sources */ = {isa = PBXBuildFile; fileRef = 41FD5D2718D8579500172DB9 /* UserCouponCell.m */; };
		41FD5D2A18D857A800172DB9 /* UserCouponCell.xib in Resources */ = {isa = PBXBuildFile; fileRef = 41FD5D2918D857A800172DB9 /* UserCouponCell.xib */; };
		41FD5D3218D988CD00172DB9 /* ShareItem.m in Sources */ = {isa = PBXBuildFile; fileRef = 41FD5D3118D988CD00172DB9 /* ShareItem.m */; };
		FA770C91FC564E06B19B5368 /* libPods.a in Frameworks */ = {isa = PBXBuildFile; fileRef = D7ADC66DCC014BB3BC4D9158 /* libPods.a */; };
/* End PBXBuildFile section */

/* Begin PBXContainerItemProxy section */
		41B4547A18B461C70054E406 /* PBXContainerItemProxy */ = {
			isa = PBXContainerItemProxy;
			containerPortal = 41B4544C18B461C70054E406 /* Project object */;
			proxyType = 1;
			remoteGlobalIDString = 41B4545318B461C70054E406;
			remoteInfo = Tryit;
		};
/* End PBXContainerItemProxy section */

/* Begin PBXFileReference section */
		411B956F18D68D2300AAD73A /* ProductItem.h */ = {isa = PBXFileReference; fileEncoding = 4; lastKnownFileType = sourcecode.c.h; name = ProductItem.h; path = Source/ProductItem.h; sourceTree = "<group>"; };
		411B957018D68D2300AAD73A /* ProductItem.m */ = {isa = PBXFileReference; fileEncoding = 4; lastKnownFileType = sourcecode.c.objc; name = ProductItem.m; path = Source/ProductItem.m; sourceTree = "<group>"; };
		411B957418D6E1B500AAD73A /* CouponListViewController.h */ = {isa = PBXFileReference; fileEncoding = 4; lastKnownFileType = sourcecode.c.h; name = CouponListViewController.h; path = UI/CouponListViewController.h; sourceTree = "<group>"; };
		411B957518D6E1B500AAD73A /* CouponListViewController.m */ = {isa = PBXFileReference; fileEncoding = 4; lastKnownFileType = sourcecode.c.objc; name = CouponListViewController.m; path = UI/CouponListViewController.m; sourceTree = "<group>"; };
		411B957618D6E1B500AAD73A /* CouponListViewController.xib */ = {isa = PBXFileReference; fileEncoding = 4; lastKnownFileType = file.xib; name = CouponListViewController.xib; path = UI/CouponListViewController.xib; sourceTree = "<group>"; };
		411B957918D6E44E00AAD73A /* CouponItem.h */ = {isa = PBXFileReference; fileEncoding = 4; lastKnownFileType = sourcecode.c.h; name = CouponItem.h; path = Source/CouponItem.h; sourceTree = "<group>"; };
		411B957A18D6E44E00AAD73A /* CouponItem.m */ = {isa = PBXFileReference; fileEncoding = 4; lastKnownFileType = sourcecode.c.objc; name = CouponItem.m; path = Source/CouponItem.m; sourceTree = "<group>"; };
		411B957D18D6E70100AAD73A /* CouponCell.h */ = {isa = PBXFileReference; fileEncoding = 4; lastKnownFileType = sourcecode.c.h; name = CouponCell.h; path = UI/CouponCell.h; sourceTree = "<group>"; };
		411B957E18D6E70100AAD73A /* CouponCell.m */ = {isa = PBXFileReference; fileEncoding = 4; lastKnownFileType = sourcecode.c.objc; name = CouponCell.m; path = UI/CouponCell.m; sourceTree = "<group>"; };
		411B958018D6ECD800AAD73A /* CouponCell.xib */ = {isa = PBXFileReference; fileEncoding = 4; lastKnownFileType = file.xib; name = CouponCell.xib; path = UI/CouponCell.xib; sourceTree = "<group>"; };
		412371E518D297FA001DE23E /* RestCheckViewController.h */ = {isa = PBXFileReference; fileEncoding = 4; lastKnownFileType = sourcecode.c.h; name = RestCheckViewController.h; path = UI/RestCheckViewController.h; sourceTree = "<group>"; };
		412371E618D297FA001DE23E /* RestCheckViewController.m */ = {isa = PBXFileReference; fileEncoding = 4; lastKnownFileType = sourcecode.c.objc; name = RestCheckViewController.m; path = UI/RestCheckViewController.m; sourceTree = "<group>"; };
		412371E718D297FB001DE23E /* RestCheckViewController.xib */ = {isa = PBXFileReference; fileEncoding = 4; lastKnownFileType = file.xib; name = RestCheckViewController.xib; path = UI/RestCheckViewController.xib; sourceTree = "<group>"; };
		412371EA18D2A1DF001DE23E /* CheckSectionView.h */ = {isa = PBXFileReference; fileEncoding = 4; lastKnownFileType = sourcecode.c.h; name = CheckSectionView.h; path = UI/CheckSectionView.h; sourceTree = "<group>"; };
		412371EB18D2A1DF001DE23E /* CheckSectionView.m */ = {isa = PBXFileReference; fileEncoding = 4; lastKnownFileType = sourcecode.c.objc; name = CheckSectionView.m; path = UI/CheckSectionView.m; sourceTree = "<group>"; };
		412371EF18D2A287001DE23E /* CheckSectionView.xib */ = {isa = PBXFileReference; fileEncoding = 4; lastKnownFileType = file.xib; name = CheckSectionView.xib; path = UI/CheckSectionView.xib; sourceTree = "<group>"; };
		412371F118D2A72E001DE23E /* ProductCell.h */ = {isa = PBXFileReference; fileEncoding = 4; lastKnownFileType = sourcecode.c.h; name = ProductCell.h; path = UI/ProductCell.h; sourceTree = "<group>"; };
		412371F218D2A72E001DE23E /* ProductCell.m */ = {isa = PBXFileReference; fileEncoding = 4; lastKnownFileType = sourcecode.c.objc; name = ProductCell.m; path = UI/ProductCell.m; sourceTree = "<group>"; };
		412371F418D2A74D001DE23E /* ProductCell.xib */ = {isa = PBXFileReference; fileEncoding = 4; lastKnownFileType = file.xib; name = ProductCell.xib; path = UI/ProductCell.xib; sourceTree = "<group>"; };
		41287E8318CEE40A000F9F27 /* SignInViewController.h */ = {isa = PBXFileReference; fileEncoding = 4; lastKnownFileType = sourcecode.c.h; name = SignInViewController.h; path = UI/SignInViewController.h; sourceTree = "<group>"; };
		41287E8418CEE40A000F9F27 /* SignInViewController.m */ = {isa = PBXFileReference; fileEncoding = 4; lastKnownFileType = sourcecode.c.objc; name = SignInViewController.m; path = UI/SignInViewController.m; sourceTree = "<group>"; };
		41287E8518CEE40A000F9F27 /* SignInViewController.xib */ = {isa = PBXFileReference; fileEncoding = 4; lastKnownFileType = file.xib; name = SignInViewController.xib; path = UI/SignInViewController.xib; sourceTree = "<group>"; };
		41287E8818CEE42D000F9F27 /* SignUpViewController.h */ = {isa = PBXFileReference; fileEncoding = 4; lastKnownFileType = sourcecode.c.h; name = SignUpViewController.h; path = UI/SignUpViewController.h; sourceTree = "<group>"; };
		41287E8918CEE42D000F9F27 /* SignUpViewController.m */ = {isa = PBXFileReference; fileEncoding = 4; lastKnownFileType = sourcecode.c.objc; name = SignUpViewController.m; path = UI/SignUpViewController.m; sourceTree = "<group>"; };
		41287E8A18CEE42D000F9F27 /* SignUpViewController.xib */ = {isa = PBXFileReference; fileEncoding = 4; lastKnownFileType = file.xib; name = SignUpViewController.xib; path = UI/SignUpViewController.xib; sourceTree = "<group>"; };
		412D410518DC4F04007E81F7 /* Images.xcassets */ = {isa = PBXFileReference; lastKnownFileType = folder.assetcatalog; path = Images.xcassets; sourceTree = "<group>"; };
		412FBD4218BDCC21009EF882 /* RestaurantItem.h */ = {isa = PBXFileReference; fileEncoding = 4; lastKnownFileType = sourcecode.c.h; name = RestaurantItem.h; path = Source/RestaurantItem.h; sourceTree = "<group>"; };
		412FBD4318BDCC21009EF882 /* RestaurantItem.m */ = {isa = PBXFileReference; fileEncoding = 4; lastKnownFileType = sourcecode.c.objc; name = RestaurantItem.m; path = Source/RestaurantItem.m; sourceTree = "<group>"; };
		412FBD4518BDEA14009EF882 /* WebAPI.h */ = {isa = PBXFileReference; fileEncoding = 4; lastKnownFileType = sourcecode.c.h; name = WebAPI.h; path = Source/WebAPI.h; sourceTree = "<group>"; };
		412FBD4618BDEA14009EF882 /* WebAPI.m */ = {isa = PBXFileReference; fileEncoding = 4; lastKnownFileType = sourcecode.c.objc; name = WebAPI.m; path = Source/WebAPI.m; sourceTree = "<group>"; };
		412FBD4818BDEB64009EF882 /* CoreLocation.framework */ = {isa = PBXFileReference; lastKnownFileType = wrapper.framework; name = CoreLocation.framework; path = System/Library/Frameworks/CoreLocation.framework; sourceTree = SDKROOT; };
		4144CD8118F6858D0037726C /* SVPullToRefresh.h */ = {isa = PBXFileReference; fileEncoding = 4; lastKnownFileType = sourcecode.c.h; path = SVPullToRefresh.h; sourceTree = "<group>"; };
		4144CD8218F6858D0037726C /* UIScrollView+SVInfiniteScrolling.h */ = {isa = PBXFileReference; fileEncoding = 4; lastKnownFileType = sourcecode.c.h; path = "UIScrollView+SVInfiniteScrolling.h"; sourceTree = "<group>"; };
		4144CD8318F6858D0037726C /* UIScrollView+SVInfiniteScrolling.m */ = {isa = PBXFileReference; fileEncoding = 4; lastKnownFileType = sourcecode.c.objc; path = "UIScrollView+SVInfiniteScrolling.m"; sourceTree = "<group>"; };
		4144CD8418F6858D0037726C /* UIScrollView+SVPullToRefresh.h */ = {isa = PBXFileReference; fileEncoding = 4; lastKnownFileType = sourcecode.c.h; path = "UIScrollView+SVPullToRefresh.h"; sourceTree = "<group>"; };
		4144CD8518F6858D0037726C /* UIScrollView+SVPullToRefresh.m */ = {isa = PBXFileReference; fileEncoding = 4; lastKnownFileType = sourcecode.c.objc; path = "UIScrollView+SVPullToRefresh.m"; sourceTree = "<group>"; };
		4144CD8818F6977C0037726C /* ProductInfoCell.h */ = {isa = PBXFileReference; fileEncoding = 4; lastKnownFileType = sourcecode.c.h; name = ProductInfoCell.h; path = UI/ProductInfoCell.h; sourceTree = "<group>"; };
		4144CD8918F6977C0037726C /* ProductInfoCell.m */ = {isa = PBXFileReference; fileEncoding = 4; lastKnownFileType = sourcecode.c.objc; name = ProductInfoCell.m; path = UI/ProductInfoCell.m; sourceTree = "<group>"; };
		4144CD8B18F6978E0037726C /* ProductInfoCell.xib */ = {isa = PBXFileReference; fileEncoding = 4; lastKnownFileType = file.xib; name = ProductInfoCell.xib; path = UI/ProductInfoCell.xib; sourceTree = "<group>"; };
		415F9B2318F0FD2500E801D4 /* UIImageView+DownLoad.h */ = {isa = PBXFileReference; fileEncoding = 4; lastKnownFileType = sourcecode.c.h; path = "UIImageView+DownLoad.h"; sourceTree = "<group>"; };
		415F9B2418F0FD2500E801D4 /* UIImageView+DownLoad.m */ = {isa = PBXFileReference; fileEncoding = 4; lastKnownFileType = sourcecode.c.objc; path = "UIImageView+DownLoad.m"; sourceTree = "<group>"; };
		41959E8718C5C20A009241FF /* ContactViewController.h */ = {isa = PBXFileReference; fileEncoding = 4; lastKnownFileType = sourcecode.c.h; name = ContactViewController.h; path = UI/ContactViewController.h; sourceTree = "<group>"; };
		41959E8818C5C20A009241FF /* ContactViewController.m */ = {isa = PBXFileReference; fileEncoding = 4; lastKnownFileType = sourcecode.c.objc; name = ContactViewController.m; path = UI/ContactViewController.m; sourceTree = "<group>"; };
		41959E8918C5C20A009241FF /* ContactViewController.xib */ = {isa = PBXFileReference; fileEncoding = 4; lastKnownFileType = file.xib; name = ContactViewController.xib; path = UI/ContactViewController.xib; sourceTree = "<group>"; };
		41959E8C18C5CF28009241FF /* AddressBook.framework */ = {isa = PBXFileReference; lastKnownFileType = wrapper.framework; name = AddressBook.framework; path = System/Library/Frameworks/AddressBook.framework; sourceTree = SDKROOT; };
		41959E9018C5D18C009241FF /* ABContact.h */ = {isa = PBXFileReference; fileEncoding = 4; lastKnownFileType = sourcecode.c.h; path = ABContact.h; sourceTree = "<group>"; };
		41959E9118C5D18C009241FF /* ABContact.m */ = {isa = PBXFileReference; fileEncoding = 4; lastKnownFileType = sourcecode.c.objc; path = ABContact.m; sourceTree = "<group>"; };
		41959E9218C5D18C009241FF /* ABContactsHelper.h */ = {isa = PBXFileReference; fileEncoding = 4; lastKnownFileType = sourcecode.c.h; path = ABContactsHelper.h; sourceTree = "<group>"; };
		41959E9318C5D18C009241FF /* ABContactsHelper.m */ = {isa = PBXFileReference; fileEncoding = 4; lastKnownFileType = sourcecode.c.objc; path = ABContactsHelper.m; sourceTree = "<group>"; };
		41959E9418C5D18C009241FF /* ABGroup.h */ = {isa = PBXFileReference; fileEncoding = 4; lastKnownFileType = sourcecode.c.h; path = ABGroup.h; sourceTree = "<group>"; };
		41959E9518C5D18C009241FF /* ABGroup.m */ = {isa = PBXFileReference; fileEncoding = 4; lastKnownFileType = sourcecode.c.objc; path = ABGroup.m; sourceTree = "<group>"; };
		41959E9618C5D18C009241FF /* ABStandin.h */ = {isa = PBXFileReference; fileEncoding = 4; lastKnownFileType = sourcecode.c.h; path = ABStandin.h; sourceTree = "<group>"; };
		41959E9718C5D18C009241FF /* ABStandin.m */ = {isa = PBXFileReference; fileEncoding = 4; lastKnownFileType = sourcecode.c.objc; path = ABStandin.m; sourceTree = "<group>"; };
		41959E9818C5D18C009241FF /* ABWrappers.h */ = {isa = PBXFileReference; fileEncoding = 4; lastKnownFileType = sourcecode.c.h; path = ABWrappers.h; sourceTree = "<group>"; };
		41959E9D18C5D48E009241FF /* UIFunction.h */ = {isa = PBXFileReference; fileEncoding = 4; lastKnownFileType = sourcecode.c.h; path = UIFunction.h; sourceTree = "<group>"; };
		41959E9E18C5D48E009241FF /* UIFunction.m */ = {isa = PBXFileReference; fileEncoding = 4; lastKnownFileType = sourcecode.c.objc; path = UIFunction.m; sourceTree = "<group>"; };
		41959EA018C5D62B009241FF /* TIContact.h */ = {isa = PBXFileReference; fileEncoding = 4; lastKnownFileType = sourcecode.c.h; name = TIContact.h; path = Source/TIContact.h; sourceTree = "<group>"; };
		41959EA118C5D62B009241FF /* TIContact.m */ = {isa = PBXFileReference; fileEncoding = 4; lastKnownFileType = sourcecode.c.objc; name = TIContact.m; path = Source/TIContact.m; sourceTree = "<group>"; };
		419985FA18E95420008A1B37 /* CreateCouponItem.h */ = {isa = PBXFileReference; fileEncoding = 4; lastKnownFileType = sourcecode.c.h; name = CreateCouponItem.h; path = Source/CreateCouponItem.h; sourceTree = "<group>"; };
		419985FB18E95420008A1B37 /* CreateCouponItem.m */ = {isa = PBXFileReference; fileEncoding = 4; lastKnownFileType = sourcecode.c.objc; name = CreateCouponItem.m; path = Source/CreateCouponItem.m; sourceTree = "<group>"; };
		419985FD18EA8F7A008A1B37 /* RestCheckHeaderView.h */ = {isa = PBXFileReference; fileEncoding = 4; lastKnownFileType = sourcecode.c.h; name = RestCheckHeaderView.h; path = UI/RestCheckHeaderView.h; sourceTree = "<group>"; };
		419985FE18EA8F7A008A1B37 /* RestCheckHeaderView.m */ = {isa = PBXFileReference; fileEncoding = 4; lastKnownFileType = sourcecode.c.objc; name = RestCheckHeaderView.m; path = UI/RestCheckHeaderView.m; sourceTree = "<group>"; };
		4199860018EA8FEB008A1B37 /* RestCheckHeaderView.xib */ = {isa = PBXFileReference; fileEncoding = 4; lastKnownFileType = file.xib; name = RestCheckHeaderView.xib; path = UI/RestCheckHeaderView.xib; sourceTree = "<group>"; };
		4199860218EAC2BE008A1B37 /* FilterViewController.h */ = {isa = PBXFileReference; fileEncoding = 4; lastKnownFileType = sourcecode.c.h; name = FilterViewController.h; path = UI/FilterViewController.h; sourceTree = "<group>"; };
		4199860318EAC2BE008A1B37 /* FilterViewController.m */ = {isa = PBXFileReference; fileEncoding = 4; lastKnownFileType = sourcecode.c.objc; name = FilterViewController.m; path = UI/FilterViewController.m; sourceTree = "<group>"; };
		4199860718EAC2E9008A1B37 /* FilterViewController.xib */ = {isa = PBXFileReference; fileEncoding = 4; lastKnownFileType = file.xib; name = FilterViewController.xib; path = UI/FilterViewController.xib; sourceTree = "<group>"; };
		41AA8C5E18BC3C830081EA29 /* FitViewController.h */ = {isa = PBXFileReference; fileEncoding = 4; lastKnownFileType = sourcecode.c.h; name = FitViewController.h; path = UI/FitViewController.h; sourceTree = "<group>"; };
		41AA8C5F18BC3C830081EA29 /* FitViewController.m */ = {isa = PBXFileReference; fileEncoding = 4; lastKnownFileType = sourcecode.c.objc; name = FitViewController.m; path = UI/FitViewController.m; sourceTree = "<group>"; };
		41B2682A18E5717F001A2257 /* ServerViewController.h */ = {isa = PBXFileReference; fileEncoding = 4; lastKnownFileType = sourcecode.c.h; name = ServerViewController.h; path = UI/ServerViewController.h; sourceTree = "<group>"; };
		41B2682B18E5717F001A2257 /* ServerViewController.m */ = {isa = PBXFileReference; fileEncoding = 4; lastKnownFileType = sourcecode.c.objc; name = ServerViewController.m; path = UI/ServerViewController.m; sourceTree = "<group>"; };
		41B4545418B461C70054E406 /* Tryit.app */ = {isa = PBXFileReference; explicitFileType = wrapper.application; includeInIndex = 0; path = Tryit.app; sourceTree = BUILT_PRODUCTS_DIR; };
		41B4545718B461C70054E406 /* Foundation.framework */ = {isa = PBXFileReference; lastKnownFileType = wrapper.framework; name = Foundation.framework; path = System/Library/Frameworks/Foundation.framework; sourceTree = SDKROOT; };
		41B4545918B461C70054E406 /* CoreGraphics.framework */ = {isa = PBXFileReference; lastKnownFileType = wrapper.framework; name = CoreGraphics.framework; path = System/Library/Frameworks/CoreGraphics.framework; sourceTree = SDKROOT; };
		41B4545B18B461C70054E406 /* UIKit.framework */ = {isa = PBXFileReference; lastKnownFileType = wrapper.framework; name = UIKit.framework; path = System/Library/Frameworks/UIKit.framework; sourceTree = SDKROOT; };
		41B4545F18B461C70054E406 /* Tryit-Info.plist */ = {isa = PBXFileReference; lastKnownFileType = text.plist.xml; path = "Tryit-Info.plist"; sourceTree = "<group>"; };
		41B4546118B461C70054E406 /* en */ = {isa = PBXFileReference; lastKnownFileType = text.plist.strings; name = en; path = en.lproj/InfoPlist.strings; sourceTree = "<group>"; };
		41B4546318B461C70054E406 /* main.m */ = {isa = PBXFileReference; lastKnownFileType = sourcecode.c.objc; path = main.m; sourceTree = "<group>"; };
		41B4546518B461C70054E406 /* Tryit-Prefix.pch */ = {isa = PBXFileReference; lastKnownFileType = sourcecode.c.h; path = "Tryit-Prefix.pch"; sourceTree = "<group>"; };
		41B4546618B461C70054E406 /* AppDelegate.h */ = {isa = PBXFileReference; lastKnownFileType = sourcecode.c.h; path = AppDelegate.h; sourceTree = "<group>"; };
		41B4546718B461C70054E406 /* AppDelegate.m */ = {isa = PBXFileReference; lastKnownFileType = sourcecode.c.objc; path = AppDelegate.m; sourceTree = "<group>"; };
		41B4547518B461C70054E406 /* TryitTests.xctest */ = {isa = PBXFileReference; explicitFileType = wrapper.cfbundle; includeInIndex = 0; path = TryitTests.xctest; sourceTree = BUILT_PRODUCTS_DIR; };
		41B4547618B461C70054E406 /* XCTest.framework */ = {isa = PBXFileReference; lastKnownFileType = wrapper.framework; name = XCTest.framework; path = Library/Frameworks/XCTest.framework; sourceTree = DEVELOPER_DIR; };
		41B4547E18B461C70054E406 /* TryitTests-Info.plist */ = {isa = PBXFileReference; lastKnownFileType = text.plist.xml; path = "TryitTests-Info.plist"; sourceTree = "<group>"; };
		41B4548018B461C70054E406 /* en */ = {isa = PBXFileReference; lastKnownFileType = text.plist.strings; name = en; path = en.lproj/InfoPlist.strings; sourceTree = "<group>"; };
		41B4548218B461C70054E406 /* TryitTests.m */ = {isa = PBXFileReference; lastKnownFileType = sourcecode.c.objc; path = TryitTests.m; sourceTree = "<group>"; };
		41C2BC7B18BB7E9200686CE8 /* DishesCell.h */ = {isa = PBXFileReference; fileEncoding = 4; lastKnownFileType = sourcecode.c.h; name = DishesCell.h; path = UI/DishesCell.h; sourceTree = "<group>"; };
		41C2BC7C18BB7E9200686CE8 /* DishesCell.m */ = {isa = PBXFileReference; fileEncoding = 4; lastKnownFileType = sourcecode.c.objc; name = DishesCell.m; path = UI/DishesCell.m; sourceTree = "<group>"; };
		41C2BC7E18BB7EE700686CE8 /* DishesCell.xib */ = {isa = PBXFileReference; fileEncoding = 4; lastKnownFileType = file.xib; name = DishesCell.xib; path = UI/DishesCell.xib; sourceTree = "<group>"; };
		41C46B2218BAE011006E2B80 /* MenuViewController.h */ = {isa = PBXFileReference; fileEncoding = 4; lastKnownFileType = sourcecode.c.h; name = MenuViewController.h; path = UI/MenuViewController.h; sourceTree = "<group>"; };
		41C46B2318BAE011006E2B80 /* MenuViewController.m */ = {isa = PBXFileReference; fileEncoding = 4; lastKnownFileType = sourcecode.c.objc; name = MenuViewController.m; path = UI/MenuViewController.m; sourceTree = "<group>"; };
		41C46B2418BAE011006E2B80 /* MenuViewController.xib */ = {isa = PBXFileReference; fileEncoding = 4; lastKnownFileType = file.xib; name = MenuViewController.xib; path = UI/MenuViewController.xib; sourceTree = "<group>"; };
		41C46B2818BAE485006E2B80 /* DishesViewController.h */ = {isa = PBXFileReference; fileEncoding = 4; lastKnownFileType = sourcecode.c.h; name = DishesViewController.h; path = UI/DishesViewController.h; sourceTree = "<group>"; };
		41C46B2918BAE485006E2B80 /* DishesViewController.m */ = {isa = PBXFileReference; fileEncoding = 4; lastKnownFileType = sourcecode.c.objc; name = DishesViewController.m; path = UI/DishesViewController.m; sourceTree = "<group>"; };
		41C46B2A18BAE485006E2B80 /* DishesViewController.xib */ = {isa = PBXFileReference; fileEncoding = 4; lastKnownFileType = file.xib; name = DishesViewController.xib; path = UI/DishesViewController.xib; sourceTree = "<group>"; };
		41D79AC218E01123001566A3 /* NSString+Utlity.h */ = {isa = PBXFileReference; fileEncoding = 4; lastKnownFileType = sourcecode.c.h; path = "NSString+Utlity.h"; sourceTree = "<group>"; };
		41D79AC318E01123001566A3 /* NSString+Utlity.m */ = {isa = PBXFileReference; fileEncoding = 4; lastKnownFileType = sourcecode.c.objc; path = "NSString+Utlity.m"; sourceTree = "<group>"; };
		41D79AC518E01324001566A3 /* UIButtonExt.h */ = {isa = PBXFileReference; fileEncoding = 4; lastKnownFileType = sourcecode.c.h; path = UIButtonExt.h; sourceTree = "<group>"; };
		41D79AC618E01324001566A3 /* UIButtonExt.m */ = {isa = PBXFileReference; fileEncoding = 4; lastKnownFileType = sourcecode.c.objc; path = UIButtonExt.m; sourceTree = "<group>"; };
		41EA4F6018D15F7400915A52 /* LocationViewController.h */ = {isa = PBXFileReference; fileEncoding = 4; lastKnownFileType = sourcecode.c.h; name = LocationViewController.h; path = UI/LocationViewController.h; sourceTree = "<group>"; };
		41EA4F6118D15F7400915A52 /* LocationViewController.m */ = {isa = PBXFileReference; fileEncoding = 4; lastKnownFileType = sourcecode.c.objc; name = LocationViewController.m; path = UI/LocationViewController.m; sourceTree = "<group>"; };
		41EA4F6218D15F7400915A52 /* LocationViewController.xib */ = {isa = PBXFileReference; fileEncoding = 4; lastKnownFileType = file.xib; name = LocationViewController.xib; path = UI/LocationViewController.xib; sourceTree = "<group>"; };
		41EA4F6518D160DD00915A52 /* MapKit.framework */ = {isa = PBXFileReference; lastKnownFileType = wrapper.framework; name = MapKit.framework; path = System/Library/Frameworks/MapKit.framework; sourceTree = SDKROOT; };
		41EA4F6718D1998200915A52 /* NearRestaurantCell.h */ = {isa = PBXFileReference; fileEncoding = 4; lastKnownFileType = sourcecode.c.h; name = NearRestaurantCell.h; path = UI/NearRestaurantCell.h; sourceTree = "<group>"; };
		41EA4F6818D1998200915A52 /* NearRestaurantCell.m */ = {isa = PBXFileReference; fileEncoding = 4; lastKnownFileType = sourcecode.c.objc; name = NearRestaurantCell.m; path = UI/NearRestaurantCell.m; sourceTree = "<group>"; };
		41EA4F6A18D1999800915A52 /* NearRestaurantCell.xib */ = {isa = PBXFileReference; fileEncoding = 4; lastKnownFileType = file.xib; name = NearRestaurantCell.xib; path = UI/NearRestaurantCell.xib; sourceTree = "<group>"; };
		41EA4F6C18D1B7CB00915A52 /* RestaurantAnnotation.h */ = {isa = PBXFileReference; fileEncoding = 4; lastKnownFileType = sourcecode.c.h; name = RestaurantAnnotation.h; path = UI/RestaurantAnnotation.h; sourceTree = "<group>"; };
		41EA4F6D18D1B7CB00915A52 /* RestaurantAnnotation.m */ = {isa = PBXFileReference; fileEncoding = 4; lastKnownFileType = sourcecode.c.objc; name = RestaurantAnnotation.m; path = UI/RestaurantAnnotation.m; sourceTree = "<group>"; };
		41F6684418C6F7B300A0A260 /* ContactCell.h */ = {isa = PBXFileReference; fileEncoding = 4; lastKnownFileType = sourcecode.c.h; name = ContactCell.h; path = UI/ContactCell.h; sourceTree = "<group>"; };
		41F6684518C6F7B300A0A260 /* ContactCell.m */ = {isa = PBXFileReference; fileEncoding = 4; lastKnownFileType = sourcecode.c.objc; name = ContactCell.m; path = UI/ContactCell.m; sourceTree = "<group>"; };
		41F6684718C6F9D900A0A260 /* ContactCell.xib */ = {isa = PBXFileReference; fileEncoding = 4; lastKnownFileType = file.xib; name = ContactCell.xib; path = UI/ContactCell.xib; sourceTree = "<group>"; };
		41FB010A18BAF2C100E852B5 /* CouponViewController.h */ = {isa = PBXFileReference; fileEncoding = 4; lastKnownFileType = sourcecode.c.h; name = CouponViewController.h; path = UI/CouponViewController.h; sourceTree = "<group>"; };
		41FB010B18BAF2C100E852B5 /* CouponViewController.m */ = {isa = PBXFileReference; fileEncoding = 4; lastKnownFileType = sourcecode.c.objc; name = CouponViewController.m; path = UI/CouponViewController.m; sourceTree = "<group>"; };
		41FB010C18BAF2C100E852B5 /* CouponViewController.xib */ = {isa = PBXFileReference; fileEncoding = 4; lastKnownFileType = file.xib; name = CouponViewController.xib; path = UI/CouponViewController.xib; sourceTree = "<group>"; };
		41FB010F18BAF65D00E852B5 /* MenuItem.h */ = {isa = PBXFileReference; fileEncoding = 4; lastKnownFileType = sourcecode.c.h; name = MenuItem.h; path = Source/MenuItem.h; sourceTree = "<group>"; };
		41FB011018BAF65D00E852B5 /* MenuItem.m */ = {isa = PBXFileReference; fileEncoding = 4; lastKnownFileType = sourcecode.c.objc; name = MenuItem.m; path = Source/MenuItem.m; sourceTree = "<group>"; };
		41FB011B18BAF90B00E852B5 /* en */ = {isa = PBXFileReference; lastKnownFileType = text.plist.strings; name = en; path = en.lproj/Localizable.strings; sourceTree = "<group>"; };
		41FB011D18BB322500E852B5 /* CenterViewController.h */ = {isa = PBXFileReference; fileEncoding = 4; lastKnownFileType = sourcecode.c.h; name = CenterViewController.h; path = UI/CenterViewController.h; sourceTree = "<group>"; };
		41FB011E18BB322500E852B5 /* CenterViewController.m */ = {isa = PBXFileReference; fileEncoding = 4; lastKnownFileType = sourcecode.c.objc; name = CenterViewController.m; path = UI/CenterViewController.m; sourceTree = "<group>"; };
		41FB012018BB323700E852B5 /* ProfileViewController.h */ = {isa = PBXFileReference; fileEncoding = 4; lastKnownFileType = sourcecode.c.h; name = ProfileViewController.h; path = UI/ProfileViewController.h; sourceTree = "<group>"; };
		41FB012118BB323700E852B5 /* ProfileViewController.m */ = {isa = PBXFileReference; fileEncoding = 4; lastKnownFileType = sourcecode.c.objc; name = ProfileViewController.m; path = UI/ProfileViewController.m; sourceTree = "<group>"; };
		41FB012218BB323700E852B5 /* ProfileViewController.xib */ = {isa = PBXFileReference; fileEncoding = 4; lastKnownFileType = file.xib; name = ProfileViewController.xib; path = UI/ProfileViewController.xib; sourceTree = "<group>"; };
		41FD5D0C18D7DF3700172DB9 /* ProfileInfoView.h */ = {isa = PBXFileReference; fileEncoding = 4; lastKnownFileType = sourcecode.c.h; name = ProfileInfoView.h; path = UI/ProfileInfoView.h; sourceTree = "<group>"; };
		41FD5D0D18D7DF3700172DB9 /* ProfileInfoView.m */ = {isa = PBXFileReference; fileEncoding = 4; lastKnownFileType = sourcecode.c.objc; name = ProfileInfoView.m; path = UI/ProfileInfoView.m; sourceTree = "<group>"; };
		41FD5D0F18D7DF9400172DB9 /* ProfileInfoView.xib */ = {isa = PBXFileReference; fileEncoding = 4; lastKnownFileType = file.xib; name = ProfileInfoView.xib; path = UI/ProfileInfoView.xib; sourceTree = "<group>"; };
		41FD5D1118D7F1B600172DB9 /* UserProfile.h */ = {isa = PBXFileReference; fileEncoding = 4; lastKnownFileType = sourcecode.c.h; name = UserProfile.h; path = Source/UserProfile.h; sourceTree = "<group>"; };
		41FD5D1218D7F1B600172DB9 /* UserProfile.m */ = {isa = PBXFileReference; fileEncoding = 4; lastKnownFileType = sourcecode.c.objc; name = UserProfile.m; path = Source/UserProfile.m; sourceTree = "<group>"; };
		41FD5D1418D7F9CC00172DB9 /* UserRestCell.h */ = {isa = PBXFileReference; fileEncoding = 4; lastKnownFileType = sourcecode.c.h; name = UserRestCell.h; path = UI/UserRestCell.h; sourceTree = "<group>"; };
		41FD5D1518D7F9CC00172DB9 /* UserRestCell.m */ = {isa = PBXFileReference; fileEncoding = 4; lastKnownFileType = sourcecode.c.objc; name = UserRestCell.m; path = UI/UserRestCell.m; sourceTree = "<group>"; };
		41FD5D1718D82A4200172DB9 /* UserRestCell.xib */ = {isa = PBXFileReference; fileEncoding = 4; lastKnownFileType = file.xib; name = UserRestCell.xib; path = UI/UserRestCell.xib; sourceTree = "<group>"; };
		41FD5D1A18D8561500172DB9 /* UserRestViewController.h */ = {isa = PBXFileReference; fileEncoding = 4; lastKnownFileType = sourcecode.c.h; name = UserRestViewController.h; path = UI/UserRestViewController.h; sourceTree = "<group>"; };
		41FD5D1B18D8561500172DB9 /* UserRestViewController.m */ = {isa = PBXFileReference; fileEncoding = 4; lastKnownFileType = sourcecode.c.objc; name = UserRestViewController.m; path = UI/UserRestViewController.m; sourceTree = "<group>"; };
		41FD5D1C18D8561500172DB9 /* UserRestViewController.xib */ = {isa = PBXFileReference; fileEncoding = 4; lastKnownFileType = file.xib; name = UserRestViewController.xib; path = UI/UserRestViewController.xib; sourceTree = "<group>"; };
		41FD5D2118D8571800172DB9 /* UserRestInfoView.h */ = {isa = PBXFileReference; fileEncoding = 4; lastKnownFileType = sourcecode.c.h; name = UserRestInfoView.h; path = UI/UserRestInfoView.h; sourceTree = "<group>"; };
		41FD5D2218D8571800172DB9 /* UserRestInfoView.m */ = {isa = PBXFileReference; fileEncoding = 4; lastKnownFileType = sourcecode.c.objc; name = UserRestInfoView.m; path = UI/UserRestInfoView.m; sourceTree = "<group>"; };
		41FD5D2418D8572E00172DB9 /* UserRestInfoView.xib */ = {isa = PBXFileReference; fileEncoding = 4; lastKnownFileType = file.xib; name = UserRestInfoView.xib; path = UI/UserRestInfoView.xib; sourceTree = "<group>"; };
		41FD5D2618D8579500172DB9 /* UserCouponCell.h */ = {isa = PBXFileReference; fileEncoding = 4; lastKnownFileType = sourcecode.c.h; name = UserCouponCell.h; path = UI/UserCouponCell.h; sourceTree = "<group>"; };
		41FD5D2718D8579500172DB9 /* UserCouponCell.m */ = {isa = PBXFileReference; fileEncoding = 4; lastKnownFileType = sourcecode.c.objc; name = UserCouponCell.m; path = UI/UserCouponCell.m; sourceTree = "<group>"; };
		41FD5D2918D857A800172DB9 /* UserCouponCell.xib */ = {isa = PBXFileReference; fileEncoding = 4; lastKnownFileType = file.xib; name = UserCouponCell.xib; path = UI/UserCouponCell.xib; sourceTree = "<group>"; };
		41FD5D3018D988CD00172DB9 /* ShareItem.h */ = {isa = PBXFileReference; fileEncoding = 4; lastKnownFileType = sourcecode.c.h; name = ShareItem.h; path = Source/ShareItem.h; sourceTree = "<group>"; };
		41FD5D3118D988CD00172DB9 /* ShareItem.m */ = {isa = PBXFileReference; fileEncoding = 4; lastKnownFileType = sourcecode.c.objc; name = ShareItem.m; path = Source/ShareItem.m; sourceTree = "<group>"; };
		A0EDB0FA7E6146E69ED79D4A /* Pods.xcconfig */ = {isa = PBXFileReference; includeInIndex = 1; lastKnownFileType = text.xcconfig; name = Pods.xcconfig; path = Pods/Pods.xcconfig; sourceTree = "<group>"; };
		D7ADC66DCC014BB3BC4D9158 /* libPods.a */ = {isa = PBXFileReference; explicitFileType = archive.ar; includeInIndex = 0; path = libPods.a; sourceTree = BUILT_PRODUCTS_DIR; };
/* End PBXFileReference section */

/* Begin PBXFrameworksBuildPhase section */
		41B4545118B461C70054E406 /* Frameworks */ = {
			isa = PBXFrameworksBuildPhase;
			buildActionMask = 2147483647;
			files = (
				41EA4F6618D160DD00915A52 /* MapKit.framework in Frameworks */,
				41959E8D18C5CF28009241FF /* AddressBook.framework in Frameworks */,
				412FBD4918BDEB64009EF882 /* CoreLocation.framework in Frameworks */,
				41B4545A18B461C70054E406 /* CoreGraphics.framework in Frameworks */,
				41B4545C18B461C70054E406 /* UIKit.framework in Frameworks */,
				41B4545818B461C70054E406 /* Foundation.framework in Frameworks */,
				FA770C91FC564E06B19B5368 /* libPods.a in Frameworks */,
			);
			runOnlyForDeploymentPostprocessing = 0;
		};
		41B4547218B461C70054E406 /* Frameworks */ = {
			isa = PBXFrameworksBuildPhase;
			buildActionMask = 2147483647;
			files = (
				41B4547718B461C70054E406 /* XCTest.framework in Frameworks */,
				41B4547918B461C70054E406 /* UIKit.framework in Frameworks */,
				41B4547818B461C70054E406 /* Foundation.framework in Frameworks */,
			);
			runOnlyForDeploymentPostprocessing = 0;
		};
/* End PBXFrameworksBuildPhase section */

/* Begin PBXGroup section */
		411B956D18D68BD000AAD73A /* Location */ = {
			isa = PBXGroup;
			children = (
				41EA4F6018D15F7400915A52 /* LocationViewController.h */,
				41EA4F6118D15F7400915A52 /* LocationViewController.m */,
				41EA4F6218D15F7400915A52 /* LocationViewController.xib */,
				41EA4F6718D1998200915A52 /* NearRestaurantCell.h */,
				41EA4F6818D1998200915A52 /* NearRestaurantCell.m */,
				41EA4F6A18D1999800915A52 /* NearRestaurantCell.xib */,
				41EA4F6C18D1B7CB00915A52 /* RestaurantAnnotation.h */,
				41EA4F6D18D1B7CB00915A52 /* RestaurantAnnotation.m */,
			);
			name = Location;
			sourceTree = "<group>";
		};
		411B956E18D68BDE00AAD73A /* RestCheckIn */ = {
			isa = PBXGroup;
			children = (
				412371E518D297FA001DE23E /* RestCheckViewController.h */,
				412371E618D297FA001DE23E /* RestCheckViewController.m */,
				412371E718D297FB001DE23E /* RestCheckViewController.xib */,
				412371EA18D2A1DF001DE23E /* CheckSectionView.h */,
				412371EB18D2A1DF001DE23E /* CheckSectionView.m */,
				412371EF18D2A287001DE23E /* CheckSectionView.xib */,
				412371F118D2A72E001DE23E /* ProductCell.h */,
				412371F218D2A72E001DE23E /* ProductCell.m */,
				412371F418D2A74D001DE23E /* ProductCell.xib */,
				419985FD18EA8F7A008A1B37 /* RestCheckHeaderView.h */,
				419985FE18EA8F7A008A1B37 /* RestCheckHeaderView.m */,
				4199860018EA8FEB008A1B37 /* RestCheckHeaderView.xib */,
				4199860218EAC2BE008A1B37 /* FilterViewController.h */,
				4199860318EAC2BE008A1B37 /* FilterViewController.m */,
				4199860718EAC2E9008A1B37 /* FilterViewController.xib */,
			);
			name = RestCheckIn;
			sourceTree = "<group>";
		};
		411B957218D6E12700AAD73A /* Contact */ = {
			isa = PBXGroup;
			children = (
				41959E8718C5C20A009241FF /* ContactViewController.h */,
				41959E8818C5C20A009241FF /* ContactViewController.m */,
				41959E8918C5C20A009241FF /* ContactViewController.xib */,
				41F6684418C6F7B300A0A260 /* ContactCell.h */,
				41F6684518C6F7B300A0A260 /* ContactCell.m */,
				41F6684718C6F9D900A0A260 /* ContactCell.xib */,
			);
			name = Contact;
			sourceTree = "<group>";
		};
		411B957318D6E14300AAD73A /* Dish */ = {
			isa = PBXGroup;
			children = (
				41C2BC7B18BB7E9200686CE8 /* DishesCell.h */,
				41C2BC7C18BB7E9200686CE8 /* DishesCell.m */,
				41C2BC7E18BB7EE700686CE8 /* DishesCell.xib */,
				41C46B2818BAE485006E2B80 /* DishesViewController.h */,
				41C46B2918BAE485006E2B80 /* DishesViewController.m */,
				41C46B2A18BAE485006E2B80 /* DishesViewController.xib */,
			);
			name = Dish;
			sourceTree = "<group>";
		};
		411B957C18D6E6CF00AAD73A /* ProductInfo */ = {
			isa = PBXGroup;
			children = (
				411B957418D6E1B500AAD73A /* CouponListViewController.h */,
				411B957518D6E1B500AAD73A /* CouponListViewController.m */,
				411B957618D6E1B500AAD73A /* CouponListViewController.xib */,
				411B957D18D6E70100AAD73A /* CouponCell.h */,
				411B957E18D6E70100AAD73A /* CouponCell.m */,
				411B958018D6ECD800AAD73A /* CouponCell.xib */,
				4144CD8818F6977C0037726C /* ProductInfoCell.h */,
				4144CD8918F6977C0037726C /* ProductInfoCell.m */,
				4144CD8B18F6978E0037726C /* ProductInfoCell.xib */,
			);
			name = ProductInfo;
			sourceTree = "<group>";
		};
		41287E8218CEE3E2000F9F27 /* Login */ = {
			isa = PBXGroup;
			children = (
				41287E8318CEE40A000F9F27 /* SignInViewController.h */,
				41287E8418CEE40A000F9F27 /* SignInViewController.m */,
				41287E8518CEE40A000F9F27 /* SignInViewController.xib */,
				41287E8818CEE42D000F9F27 /* SignUpViewController.h */,
				41287E8918CEE42D000F9F27 /* SignUpViewController.m */,
				41287E8A18CEE42D000F9F27 /* SignUpViewController.xib */,
			);
			name = Login;
			sourceTree = "<group>";
		};
		4144CD8018F6858D0037726C /* SVPullToRefresh */ = {
			isa = PBXGroup;
			children = (
				4144CD8118F6858D0037726C /* SVPullToRefresh.h */,
				4144CD8218F6858D0037726C /* UIScrollView+SVInfiniteScrolling.h */,
				4144CD8318F6858D0037726C /* UIScrollView+SVInfiniteScrolling.m */,
				4144CD8418F6858D0037726C /* UIScrollView+SVPullToRefresh.h */,
				4144CD8518F6858D0037726C /* UIScrollView+SVPullToRefresh.m */,
			);
			path = SVPullToRefresh;
			sourceTree = "<group>";
		};
		41959E8E18C5D18C009241FF /* Tools */ = {
			isa = PBXGroup;
			children = (
				4144CD8018F6858D0037726C /* SVPullToRefresh */,
				41D79AC518E01324001566A3 /* UIButtonExt.h */,
				41D79AC618E01324001566A3 /* UIButtonExt.m */,
				41D79AC218E01123001566A3 /* NSString+Utlity.h */,
				41D79AC318E01123001566A3 /* NSString+Utlity.m */,
				41959E9D18C5D48E009241FF /* UIFunction.h */,
				41959E9E18C5D48E009241FF /* UIFunction.m */,
				41959E8F18C5D18C009241FF /* Address Book Wrappers */,
				415F9B2318F0FD2500E801D4 /* UIImageView+DownLoad.h */,
				415F9B2418F0FD2500E801D4 /* UIImageView+DownLoad.m */,
			);
			name = Tools;
			path = Source/Tools;
			sourceTree = "<group>";
		};
		41959E8F18C5D18C009241FF /* Address Book Wrappers */ = {
			isa = PBXGroup;
			children = (
				41959E9018C5D18C009241FF /* ABContact.h */,
				41959E9118C5D18C009241FF /* ABContact.m */,
				41959E9218C5D18C009241FF /* ABContactsHelper.h */,
				41959E9318C5D18C009241FF /* ABContactsHelper.m */,
				41959E9418C5D18C009241FF /* ABGroup.h */,
				41959E9518C5D18C009241FF /* ABGroup.m */,
				41959E9618C5D18C009241FF /* ABStandin.h */,
				41959E9718C5D18C009241FF /* ABStandin.m */,
				41959E9818C5D18C009241FF /* ABWrappers.h */,
			);
			path = "Address Book Wrappers";
			sourceTree = "<group>";
		};
		41AA8C6118BC7AA70081EA29 /* Dishes */ = {
			isa = PBXGroup;
			children = (
				411B957318D6E14300AAD73A /* Dish */,
				411B956D18D68BD000AAD73A /* Location */,
				411B956E18D68BDE00AAD73A /* RestCheckIn */,
				411B957C18D6E6CF00AAD73A /* ProductInfo */,
			);
			name = Dishes;
			sourceTree = "<group>";
		};
		41AA8C6218BC7AC90081EA29 /* Model */ = {
			isa = PBXGroup;
			children = (
				41FB010F18BAF65D00E852B5 /* MenuItem.h */,
				41FB011018BAF65D00E852B5 /* MenuItem.m */,
				412FBD4218BDCC21009EF882 /* RestaurantItem.h */,
				412FBD4318BDCC21009EF882 /* RestaurantItem.m */,
				41959EA018C5D62B009241FF /* TIContact.h */,
				41959EA118C5D62B009241FF /* TIContact.m */,
				411B956F18D68D2300AAD73A /* ProductItem.h */,
				411B957018D68D2300AAD73A /* ProductItem.m */,
				411B957918D6E44E00AAD73A /* CouponItem.h */,
				411B957A18D6E44E00AAD73A /* CouponItem.m */,
				41FD5D1118D7F1B600172DB9 /* UserProfile.h */,
				41FD5D1218D7F1B600172DB9 /* UserProfile.m */,
				41FD5D3018D988CD00172DB9 /* ShareItem.h */,
				41FD5D3118D988CD00172DB9 /* ShareItem.m */,
				419985FA18E95420008A1B37 /* CreateCouponItem.h */,
				419985FB18E95420008A1B37 /* CreateCouponItem.m */,
			);
			name = Model;
			sourceTree = "<group>";
		};
		41AA8C6318BC7AE50081EA29 /* Coupon */ = {
			isa = PBXGroup;
			children = (
				41FB010A18BAF2C100E852B5 /* CouponViewController.h */,
				41FB010B18BAF2C100E852B5 /* CouponViewController.m */,
				41FB010C18BAF2C100E852B5 /* CouponViewController.xib */,
				411B957218D6E12700AAD73A /* Contact */,
			);
			name = Coupon;
			sourceTree = "<group>";
		};
		41AA8C6418BC7BAF0081EA29 /* Profile */ = {
			isa = PBXGroup;
			children = (
				41FD5D1918D8555C00172DB9 /* Profile */,
				41FD5D1F18D8566000172DB9 /* UserRest */,
			);
			name = Profile;
			sourceTree = "<group>";
		};
		41B4544B18B461C70054E406 = {
			isa = PBXGroup;
			children = (
				41B4545D18B461C70054E406 /* Tryit */,
				41B4547C18B461C70054E406 /* TryitTests */,
				41B4545618B461C70054E406 /* Frameworks */,
				41B4545518B461C70054E406 /* Products */,
				A0EDB0FA7E6146E69ED79D4A /* Pods.xcconfig */,
			);
			sourceTree = "<group>";
		};
		41B4545518B461C70054E406 /* Products */ = {
			isa = PBXGroup;
			children = (
				41B4545418B461C70054E406 /* Tryit.app */,
				41B4547518B461C70054E406 /* TryitTests.xctest */,
			);
			name = Products;
			sourceTree = "<group>";
		};
		41B4545618B461C70054E406 /* Frameworks */ = {
			isa = PBXGroup;
			children = (
				41EA4F6518D160DD00915A52 /* MapKit.framework */,
				41959E8C18C5CF28009241FF /* AddressBook.framework */,
				412FBD4818BDEB64009EF882 /* CoreLocation.framework */,
				41B4545718B461C70054E406 /* Foundation.framework */,
				41B4545918B461C70054E406 /* CoreGraphics.framework */,
				41B4545B18B461C70054E406 /* UIKit.framework */,
				41B4547618B461C70054E406 /* XCTest.framework */,
				D7ADC66DCC014BB3BC4D9158 /* libPods.a */,
			);
			name = Frameworks;
			sourceTree = "<group>";
		};
		41B4545D18B461C70054E406 /* Tryit */ = {
			isa = PBXGroup;
			children = (
				41B4546618B461C70054E406 /* AppDelegate.h */,
				41B4546718B461C70054E406 /* AppDelegate.m */,
				412D410518DC4F04007E81F7 /* Images.xcassets */,
				41B4545E18B461C70054E406 /* Supporting Files */,
				41C46B2718BAE023006E2B80 /* UI */,
				41FB011218BAF68400E852B5 /* Source */,
			);
			path = Tryit;
			sourceTree = "<group>";
		};
		41B4545E18B461C70054E406 /* Supporting Files */ = {
			isa = PBXGroup;
			children = (
				41B4545F18B461C70054E406 /* Tryit-Info.plist */,
				41B4546018B461C70054E406 /* InfoPlist.strings */,
				41B4546318B461C70054E406 /* main.m */,
				41B4546518B461C70054E406 /* Tryit-Prefix.pch */,
				41FB011C18BAF90B00E852B5 /* Localizable.strings */,
			);
			name = "Supporting Files";
			sourceTree = "<group>";
		};
		41B4547C18B461C70054E406 /* TryitTests */ = {
			isa = PBXGroup;
			children = (
				41B4548218B461C70054E406 /* TryitTests.m */,
				41B4547D18B461C70054E406 /* Supporting Files */,
			);
			path = TryitTests;
			sourceTree = "<group>";
		};
		41B4547D18B461C70054E406 /* Supporting Files */ = {
			isa = PBXGroup;
			children = (
				41B4547E18B461C70054E406 /* TryitTests-Info.plist */,
				41B4547F18B461C70054E406 /* InfoPlist.strings */,
			);
			name = "Supporting Files";
			sourceTree = "<group>";
		};
		41C46B2718BAE023006E2B80 /* UI */ = {
			isa = PBXGroup;
			children = (
				41FB012518BB325100E852B5 /* Menu */,
				41AA8C6118BC7AA70081EA29 /* Dishes */,
				41AA8C6318BC7AE50081EA29 /* Coupon */,
				41AA8C6418BC7BAF0081EA29 /* Profile */,
				41287E8218CEE3E2000F9F27 /* Login */,
			);
			name = UI;
			sourceTree = "<group>";
		};
		41FB011218BAF68400E852B5 /* Source */ = {
			isa = PBXGroup;
			children = (
				41959E8E18C5D18C009241FF /* Tools */,
				41AA8C6218BC7AC90081EA29 /* Model */,
				412FBD4518BDEA14009EF882 /* WebAPI.h */,
				412FBD4618BDEA14009EF882 /* WebAPI.m */,
			);
			name = Source;
			sourceTree = "<group>";
		};
		41FB012518BB325100E852B5 /* Menu */ = {
			isa = PBXGroup;
			children = (
				41B2682A18E5717F001A2257 /* ServerViewController.h */,
				41B2682B18E5717F001A2257 /* ServerViewController.m */,
				41FB011D18BB322500E852B5 /* CenterViewController.h */,
				41FB011E18BB322500E852B5 /* CenterViewController.m */,
				41C46B2218BAE011006E2B80 /* MenuViewController.h */,
				41C46B2318BAE011006E2B80 /* MenuViewController.m */,
				41C46B2418BAE011006E2B80 /* MenuViewController.xib */,
				41AA8C5E18BC3C830081EA29 /* FitViewController.h */,
				41AA8C5F18BC3C830081EA29 /* FitViewController.m */,
			);
			name = Menu;
			sourceTree = "<group>";
		};
		41FD5D1918D8555C00172DB9 /* Profile */ = {
			isa = PBXGroup;
			children = (
				41FB012018BB323700E852B5 /* ProfileViewController.h */,
				41FB012118BB323700E852B5 /* ProfileViewController.m */,
				41FB012218BB323700E852B5 /* ProfileViewController.xib */,
				41FD5D0C18D7DF3700172DB9 /* ProfileInfoView.h */,
				41FD5D0D18D7DF3700172DB9 /* ProfileInfoView.m */,
				41FD5D0F18D7DF9400172DB9 /* ProfileInfoView.xib */,
				41FD5D1418D7F9CC00172DB9 /* UserRestCell.h */,
				41FD5D1518D7F9CC00172DB9 /* UserRestCell.m */,
				41FD5D1718D82A4200172DB9 /* UserRestCell.xib */,
			);
			name = Profile;
			sourceTree = "<group>";
		};
		41FD5D1F18D8566000172DB9 /* UserRest */ = {
			isa = PBXGroup;
			children = (
				41FD5D1A18D8561500172DB9 /* UserRestViewController.h */,
				41FD5D1B18D8561500172DB9 /* UserRestViewController.m */,
				41FD5D1C18D8561500172DB9 /* UserRestViewController.xib */,
				41FD5D2118D8571800172DB9 /* UserRestInfoView.h */,
				41FD5D2218D8571800172DB9 /* UserRestInfoView.m */,
				41FD5D2418D8572E00172DB9 /* UserRestInfoView.xib */,
				41FD5D2618D8579500172DB9 /* UserCouponCell.h */,
				41FD5D2718D8579500172DB9 /* UserCouponCell.m */,
				41FD5D2918D857A800172DB9 /* UserCouponCell.xib */,
			);
			name = UserRest;
			sourceTree = "<group>";
		};
/* End PBXGroup section */

/* Begin PBXNativeTarget section */
		41B4545318B461C70054E406 /* Tryit */ = {
			isa = PBXNativeTarget;
			buildConfigurationList = 41B4548618B461C70054E406 /* Build configuration list for PBXNativeTarget "Tryit" */;
			buildPhases = (
				9945A289E8FE41809E814B8C /* Check Pods Manifest.lock */,
				41B4545018B461C70054E406 /* Sources */,
				41B4545118B461C70054E406 /* Frameworks */,
				41B4545218B461C70054E406 /* Resources */,
				03A66286840C4DCD950C83C2 /* Copy Pods Resources */,
			);
			buildRules = (
			);
			dependencies = (
			);
			name = Tryit;
			productName = Tryit;
			productReference = 41B4545418B461C70054E406 /* Tryit.app */;
			productType = "com.apple.product-type.application";
		};
		41B4547418B461C70054E406 /* TryitTests */ = {
			isa = PBXNativeTarget;
			buildConfigurationList = 41B4548918B461C70054E406 /* Build configuration list for PBXNativeTarget "TryitTests" */;
			buildPhases = (
				41B4547118B461C70054E406 /* Sources */,
				41B4547218B461C70054E406 /* Frameworks */,
				41B4547318B461C70054E406 /* Resources */,
			);
			buildRules = (
			);
			dependencies = (
				41B4547B18B461C70054E406 /* PBXTargetDependency */,
			);
			name = TryitTests;
			productName = TryitTests;
			productReference = 41B4547518B461C70054E406 /* TryitTests.xctest */;
			productType = "com.apple.product-type.bundle.unit-test";
		};
/* End PBXNativeTarget section */

/* Begin PBXProject section */
		41B4544C18B461C70054E406 /* Project object */ = {
			isa = PBXProject;
			attributes = {
				LastUpgradeCheck = 0500;
				ORGANIZATIONNAME = Sktlab;
				TargetAttributes = {
					41B4547418B461C70054E406 = {
						TestTargetID = 41B4545318B461C70054E406;
					};
				};
			};
			buildConfigurationList = 41B4544F18B461C70054E406 /* Build configuration list for PBXProject "Tryit" */;
			compatibilityVersion = "Xcode 3.2";
			developmentRegion = English;
			hasScannedForEncodings = 0;
			knownRegions = (
				en,
				Base,
			);
			mainGroup = 41B4544B18B461C70054E406;
			productRefGroup = 41B4545518B461C70054E406 /* Products */;
			projectDirPath = "";
			projectRoot = "";
			targets = (
				41B4545318B461C70054E406 /* Tryit */,
				41B4547418B461C70054E406 /* TryitTests */,
			);
		};
/* End PBXProject section */

/* Begin PBXResourcesBuildPhase section */
		41B4545218B461C70054E406 /* Resources */ = {
			isa = PBXResourcesBuildPhase;
			buildActionMask = 2147483647;
			files = (
				41F6684818C6F9D900A0A260 /* ContactCell.xib in Resources */,
				41FB012418BB323700E852B5 /* ProfileViewController.xib in Resources */,
				41287E8C18CEE42D000F9F27 /* SignUpViewController.xib in Resources */,
				41C46B2C18BAE485006E2B80 /* DishesViewController.xib in Resources */,
				41287E8718CEE40A000F9F27 /* SignInViewController.xib in Resources */,
				4144CD8C18F6978E0037726C /* ProductInfoCell.xib in Resources */,
				41FD5D1818D82A4200172DB9 /* UserRestCell.xib in Resources */,
				412371F018D2A287001DE23E /* CheckSectionView.xib in Resources */,
				41FD5D1E18D8561500172DB9 /* UserRestViewController.xib in Resources */,
				412D410618DC4F04007E81F7 /* Images.xcassets in Resources */,
				41959E8B18C5C20A009241FF /* ContactViewController.xib in Resources */,
				411B958118D6ECD800AAD73A /* CouponCell.xib in Resources */,
				41EA4F6B18D1999800915A52 /* NearRestaurantCell.xib in Resources */,
				4199860118EA8FEB008A1B37 /* RestCheckHeaderView.xib in Resources */,
				41FB011A18BAF90B00E852B5 /* Localizable.strings in Resources */,
				41FD5D1018D7DF9400172DB9 /* ProfileInfoView.xib in Resources */,
				411B957818D6E1B500AAD73A /* CouponListViewController.xib in Resources */,
				4199860818EAC2E9008A1B37 /* FilterViewController.xib in Resources */,
				41C46B2618BAE011006E2B80 /* MenuViewController.xib in Resources */,
				412371F518D2A74D001DE23E /* ProductCell.xib in Resources */,
				41B4546218B461C70054E406 /* InfoPlist.strings in Resources */,
				41FD5D2518D8572E00172DB9 /* UserRestInfoView.xib in Resources */,
				41FB010E18BAF2C100E852B5 /* CouponViewController.xib in Resources */,
				41EA4F6418D15F7400915A52 /* LocationViewController.xib in Resources */,
				41FD5D2A18D857A800172DB9 /* UserCouponCell.xib in Resources */,
				41C2BC7F18BB7EE700686CE8 /* DishesCell.xib in Resources */,
				412371E918D297FB001DE23E /* RestCheckViewController.xib in Resources */,
			);
			runOnlyForDeploymentPostprocessing = 0;
		};
		41B4547318B461C70054E406 /* Resources */ = {
			isa = PBXResourcesBuildPhase;
			buildActionMask = 2147483647;
			files = (
				41B4548118B461C70054E406 /* InfoPlist.strings in Resources */,
			);
			runOnlyForDeploymentPostprocessing = 0;
		};
/* End PBXResourcesBuildPhase section */

/* Begin PBXShellScriptBuildPhase section */
		03A66286840C4DCD950C83C2 /* Copy Pods Resources */ = {
			isa = PBXShellScriptBuildPhase;
			buildActionMask = 2147483647;
			files = (
			);
			inputPaths = (
			);
			name = "Copy Pods Resources";
			outputPaths = (
			);
			runOnlyForDeploymentPostprocessing = 0;
			shellPath = /bin/sh;
			shellScript = "\"${SRCROOT}/Pods/Pods-resources.sh\"\n";
			showEnvVarsInLog = 0;
		};
		9945A289E8FE41809E814B8C /* Check Pods Manifest.lock */ = {
			isa = PBXShellScriptBuildPhase;
			buildActionMask = 2147483647;
			files = (
			);
			inputPaths = (
			);
			name = "Check Pods Manifest.lock";
			outputPaths = (
			);
			runOnlyForDeploymentPostprocessing = 0;
			shellPath = /bin/sh;
			shellScript = "diff \"${PODS_ROOT}/../Podfile.lock\" \"${PODS_ROOT}/Manifest.lock\" > /dev/null\nif [[ $? != 0 ]] ; then\n    cat << EOM\nerror: The sandbox is not in sync with the Podfile.lock. Run 'pod install' or update your CocoaPods installation.\nEOM\n    exit 1\nfi\n";
			showEnvVarsInLog = 0;
		};
/* End PBXShellScriptBuildPhase section */

/* Begin PBXSourcesBuildPhase section */
		41B4545018B461C70054E406 /* Sources */ = {
			isa = PBXSourcesBuildPhase;
			buildActionMask = 2147483647;
			files = (
				41FD5D1618D7F9CC00172DB9 /* UserRestCell.m in Sources */,
				41EA4F6318D15F7400915A52 /* LocationViewController.m in Sources */,
				41959E9C18C5D18C009241FF /* ABStandin.m in Sources */,
				41B2682C18E5717F001A2257 /* ServerViewController.m in Sources */,
				411B957118D68D2300AAD73A /* ProductItem.m in Sources */,
				41959E9F18C5D48E009241FF /* UIFunction.m in Sources */,
				41FD5D2318D8571800172DB9 /* UserRestInfoView.m in Sources */,
				41C2BC7D18BB7E9200686CE8 /* DishesCell.m in Sources */,
				419985FC18E95420008A1B37 /* CreateCouponItem.m in Sources */,
				412371EC18D2A1DF001DE23E /* CheckSectionView.m in Sources */,
				412FBD4718BDEA14009EF882 /* WebAPI.m in Sources */,
				41F6684618C6F7B300A0A260 /* ContactCell.m in Sources */,
				41287E8618CEE40A000F9F27 /* SignInViewController.m in Sources */,
				41AA8C6018BC3C830081EA29 /* FitViewController.m in Sources */,
				41EA4F6E18D1B7CB00915A52 /* RestaurantAnnotation.m in Sources */,
				41EA4F6918D1998200915A52 /* NearRestaurantCell.m in Sources */,
				412371F318D2A72E001DE23E /* ProductCell.m in Sources */,
				41D79AC718E01324001566A3 /* UIButtonExt.m in Sources */,
				41B4546818B461C70054E406 /* AppDelegate.m in Sources */,
				412371E818D297FB001DE23E /* RestCheckViewController.m in Sources */,
				41959E8A18C5C20A009241FF /* ContactViewController.m in Sources */,
				4144CD8A18F6977C0037726C /* ProductInfoCell.m in Sources */,
				41FB010D18BAF2C100E852B5 /* CouponViewController.m in Sources */,
				41FD5D1D18D8561500172DB9 /* UserRestViewController.m in Sources */,
				41FB012318BB323700E852B5 /* ProfileViewController.m in Sources */,
				4144CD8718F6858D0037726C /* UIScrollView+SVPullToRefresh.m in Sources */,
				41C46B2B18BAE485006E2B80 /* DishesViewController.m in Sources */,
				41FB011118BAF65D00E852B5 /* MenuItem.m in Sources */,
				41959E9918C5D18C009241FF /* ABContact.m in Sources */,
				41FD5D1318D7F1B600172DB9 /* UserProfile.m in Sources */,
				41B4546418B461C70054E406 /* main.m in Sources */,
				419985FF18EA8F7A008A1B37 /* RestCheckHeaderView.m in Sources */,
				411B957718D6E1B500AAD73A /* CouponListViewController.m in Sources */,
				41FD5D0E18D7DF3700172DB9 /* ProfileInfoView.m in Sources */,
				411B957F18D6E70100AAD73A /* CouponCell.m in Sources */,
				41FD5D2818D8579500172DB9 /* UserCouponCell.m in Sources */,
				41C46B2518BAE011006E2B80 /* MenuViewController.m in Sources */,
				41D79AC418E01123001566A3 /* NSString+Utlity.m in Sources */,
				41959EA218C5D62B009241FF /* TIContact.m in Sources */,
				415F9B2518F0FD2500E801D4 /* UIImageView+DownLoad.m in Sources */,
				41959E9B18C5D18C009241FF /* ABGroup.m in Sources */,
				41FD5D3218D988CD00172DB9 /* ShareItem.m in Sources */,
				412FBD4418BDCC21009EF882 /* RestaurantItem.m in Sources */,
				41FB011F18BB322500E852B5 /* CenterViewController.m in Sources */,
				41287E8B18CEE42D000F9F27 /* SignUpViewController.m in Sources */,
				4144CD8618F6858D0037726C /* UIScrollView+SVInfiniteScrolling.m in Sources */,
				411B957B18D6E44E00AAD73A /* CouponItem.m in Sources */,
				4199860518EAC2BE008A1B37 /* FilterViewController.m in Sources */,
				41959E9A18C5D18C009241FF /* ABContactsHelper.m in Sources */,
			);
			runOnlyForDeploymentPostprocessing = 0;
		};
		41B4547118B461C70054E406 /* Sources */ = {
			isa = PBXSourcesBuildPhase;
			buildActionMask = 2147483647;
			files = (
				41B4548318B461C70054E406 /* TryitTests.m in Sources */,
			);
			runOnlyForDeploymentPostprocessing = 0;
		};
/* End PBXSourcesBuildPhase section */

/* Begin PBXTargetDependency section */
		41B4547B18B461C70054E406 /* PBXTargetDependency */ = {
			isa = PBXTargetDependency;
			target = 41B4545318B461C70054E406 /* Tryit */;
			targetProxy = 41B4547A18B461C70054E406 /* PBXContainerItemProxy */;
		};
/* End PBXTargetDependency section */

/* Begin PBXVariantGroup section */
		41B4546018B461C70054E406 /* InfoPlist.strings */ = {
			isa = PBXVariantGroup;
			children = (
				41B4546118B461C70054E406 /* en */,
			);
			name = InfoPlist.strings;
			sourceTree = "<group>";
		};
		41B4547F18B461C70054E406 /* InfoPlist.strings */ = {
			isa = PBXVariantGroup;
			children = (
				41B4548018B461C70054E406 /* en */,
			);
			name = InfoPlist.strings;
			sourceTree = "<group>";
		};
		41FB011C18BAF90B00E852B5 /* Localizable.strings */ = {
			isa = PBXVariantGroup;
			children = (
				41FB011B18BAF90B00E852B5 /* en */,
			);
			name = Localizable.strings;
			sourceTree = "<group>";
		};
/* End PBXVariantGroup section */

/* Begin XCBuildConfiguration section */
		41B4548418B461C70054E406 /* Debug */ = {
			isa = XCBuildConfiguration;
			buildSettings = {
				ALWAYS_SEARCH_USER_PATHS = NO;
				ARCHS = "$(ARCHS_STANDARD_INCLUDING_64_BIT)";
				CLANG_CXX_LANGUAGE_STANDARD = "gnu++0x";
				CLANG_CXX_LIBRARY = "libc++";
				CLANG_ENABLE_MODULES = YES;
				CLANG_ENABLE_OBJC_ARC = YES;
				CLANG_WARN_BOOL_CONVERSION = YES;
				CLANG_WARN_CONSTANT_CONVERSION = YES;
				CLANG_WARN_DIRECT_OBJC_ISA_USAGE = YES_ERROR;
				CLANG_WARN_EMPTY_BODY = YES;
				CLANG_WARN_ENUM_CONVERSION = YES;
				CLANG_WARN_INT_CONVERSION = YES;
				CLANG_WARN_OBJC_ROOT_CLASS = YES_ERROR;
				CLANG_WARN__DUPLICATE_METHOD_MATCH = YES;
				"CODE_SIGN_IDENTITY[sdk=iphoneos*]" = "iPhone Developer";
				COPY_PHASE_STRIP = NO;
				GCC_C_LANGUAGE_STANDARD = gnu99;
				GCC_DYNAMIC_NO_PIC = NO;
				GCC_OPTIMIZATION_LEVEL = 0;
				GCC_PREPROCESSOR_DEFINITIONS = (
					"DEBUG=1",
					"$(inherited)",
				);
				GCC_SYMBOLS_PRIVATE_EXTERN = NO;
				GCC_WARN_64_TO_32_BIT_CONVERSION = YES;
				GCC_WARN_ABOUT_RETURN_TYPE = YES_ERROR;
				GCC_WARN_UNDECLARED_SELECTOR = YES;
				GCC_WARN_UNINITIALIZED_AUTOS = YES;
				GCC_WARN_UNUSED_FUNCTION = YES;
				GCC_WARN_UNUSED_VARIABLE = YES;
				IPHONEOS_DEPLOYMENT_TARGET = 7.0;
				ONLY_ACTIVE_ARCH = YES;
				SDKROOT = iphoneos;
			};
			name = Debug;
		};
		41B4548518B461C70054E406 /* Release */ = {
			isa = XCBuildConfiguration;
			buildSettings = {
				ALWAYS_SEARCH_USER_PATHS = NO;
				ARCHS = "$(ARCHS_STANDARD_INCLUDING_64_BIT)";
				CLANG_CXX_LANGUAGE_STANDARD = "gnu++0x";
				CLANG_CXX_LIBRARY = "libc++";
				CLANG_ENABLE_MODULES = YES;
				CLANG_ENABLE_OBJC_ARC = YES;
				CLANG_WARN_BOOL_CONVERSION = YES;
				CLANG_WARN_CONSTANT_CONVERSION = YES;
				CLANG_WARN_DIRECT_OBJC_ISA_USAGE = YES_ERROR;
				CLANG_WARN_EMPTY_BODY = YES;
				CLANG_WARN_ENUM_CONVERSION = YES;
				CLANG_WARN_INT_CONVERSION = YES;
				CLANG_WARN_OBJC_ROOT_CLASS = YES_ERROR;
				CLANG_WARN__DUPLICATE_METHOD_MATCH = YES;
				"CODE_SIGN_IDENTITY[sdk=iphoneos*]" = "iPhone Developer";
				COPY_PHASE_STRIP = YES;
				ENABLE_NS_ASSERTIONS = NO;
				GCC_C_LANGUAGE_STANDARD = gnu99;
				GCC_WARN_64_TO_32_BIT_CONVERSION = YES;
				GCC_WARN_ABOUT_RETURN_TYPE = YES_ERROR;
				GCC_WARN_UNDECLARED_SELECTOR = YES;
				GCC_WARN_UNINITIALIZED_AUTOS = YES;
				GCC_WARN_UNUSED_FUNCTION = YES;
				GCC_WARN_UNUSED_VARIABLE = YES;
				IPHONEOS_DEPLOYMENT_TARGET = 7.0;
				SDKROOT = iphoneos;
				VALIDATE_PRODUCT = YES;
			};
			name = Release;
		};
		41B4548718B461C70054E406 /* Debug */ = {
			isa = XCBuildConfiguration;
			baseConfigurationReference = A0EDB0FA7E6146E69ED79D4A /* Pods.xcconfig */;
			buildSettings = {
				ASSETCATALOG_COMPILER_APPICON_NAME = AppIcon;
				ASSETCATALOG_COMPILER_LAUNCHIMAGE_NAME = LaunchImage;
				GCC_PRECOMPILE_PREFIX_HEADER = YES;
				GCC_PREFIX_HEADER = "Tryit/Tryit-Prefix.pch";
				INFOPLIST_FILE = "Tryit/Tryit-Info.plist";
				IPHONEOS_DEPLOYMENT_TARGET = 6.0;
				PRODUCT_NAME = "$(TARGET_NAME)";
				TARGETED_DEVICE_FAMILY = 1;
				WRAPPER_EXTENSION = app;
			};
			name = Debug;
		};
		41B4548818B461C70054E406 /* Release */ = {
			isa = XCBuildConfiguration;
			baseConfigurationReference = A0EDB0FA7E6146E69ED79D4A /* Pods.xcconfig */;
			buildSettings = {
				ASSETCATALOG_COMPILER_APPICON_NAME = AppIcon;
				ASSETCATALOG_COMPILER_LAUNCHIMAGE_NAME = LaunchImage;
				GCC_PRECOMPILE_PREFIX_HEADER = YES;
				GCC_PREFIX_HEADER = "Tryit/Tryit-Prefix.pch";
				INFOPLIST_FILE = "Tryit/Tryit-Info.plist";
				IPHONEOS_DEPLOYMENT_TARGET = 6.0;
				PRODUCT_NAME = "$(TARGET_NAME)";
				TARGETED_DEVICE_FAMILY = 1;
				WRAPPER_EXTENSION = app;
			};
			name = Release;
		};
		41B4548A18B461C70054E406 /* Debug */ = {
			isa = XCBuildConfiguration;
			buildSettings = {
				ARCHS = "$(ARCHS_STANDARD_INCLUDING_64_BIT)";
				BUNDLE_LOADER = "$(BUILT_PRODUCTS_DIR)/Tryit.app/Tryit";
				FRAMEWORK_SEARCH_PATHS = (
					"$(SDKROOT)/Developer/Library/Frameworks",
					"$(inherited)",
					"$(DEVELOPER_FRAMEWORKS_DIR)",
				);
				GCC_PRECOMPILE_PREFIX_HEADER = YES;
				GCC_PREFIX_HEADER = "Tryit/Tryit-Prefix.pch";
				GCC_PREPROCESSOR_DEFINITIONS = (
					"DEBUG=1",
					"$(inherited)",
				);
				INFOPLIST_FILE = "TryitTests/TryitTests-Info.plist";
				PRODUCT_NAME = "$(TARGET_NAME)";
				TEST_HOST = "$(BUNDLE_LOADER)";
				WRAPPER_EXTENSION = xctest;
			};
			name = Debug;
		};
		41B4548B18B461C70054E406 /* Release */ = {
			isa = XCBuildConfiguration;
			buildSettings = {
				ARCHS = "$(ARCHS_STANDARD_INCLUDING_64_BIT)";
				BUNDLE_LOADER = "$(BUILT_PRODUCTS_DIR)/Tryit.app/Tryit";
				FRAMEWORK_SEARCH_PATHS = (
					"$(SDKROOT)/Developer/Library/Frameworks",
					"$(inherited)",
					"$(DEVELOPER_FRAMEWORKS_DIR)",
				);
				GCC_PRECOMPILE_PREFIX_HEADER = YES;
				GCC_PREFIX_HEADER = "Tryit/Tryit-Prefix.pch";
				INFOPLIST_FILE = "TryitTests/TryitTests-Info.plist";
				PRODUCT_NAME = "$(TARGET_NAME)";
				TEST_HOST = "$(BUNDLE_LOADER)";
				WRAPPER_EXTENSION = xctest;
			};
			name = Release;
		};
/* End XCBuildConfiguration section */

/* Begin XCConfigurationList section */
		41B4544F18B461C70054E406 /* Build configuration list for PBXProject "Tryit" */ = {
			isa = XCConfigurationList;
			buildConfigurations = (
				41B4548418B461C70054E406 /* Debug */,
				41B4548518B461C70054E406 /* Release */,
			);
			defaultConfigurationIsVisible = 0;
			defaultConfigurationName = Release;
		};
		41B4548618B461C70054E406 /* Build configuration list for PBXNativeTarget "Tryit" */ = {
			isa = XCConfigurationList;
			buildConfigurations = (
				41B4548718B461C70054E406 /* Debug */,
				41B4548818B461C70054E406 /* Release */,
			);
			defaultConfigurationIsVisible = 0;
			defaultConfigurationName = Release;
		};
		41B4548918B461C70054E406 /* Build configuration list for PBXNativeTarget "TryitTests" */ = {
			isa = XCConfigurationList;
			buildConfigurations = (
				41B4548A18B461C70054E406 /* Debug */,
				41B4548B18B461C70054E406 /* Release */,
			);
			defaultConfigurationIsVisible = 0;
			defaultConfigurationName = Release;
		};
/* End XCConfigurationList section */
	};
	rootObject = 41B4544C18B461C70054E406 /* Project object */;
}
